
Microsoft Visual Studio Solution File, Format Version 12.00
# Visual Studio Version 17
VisualStudioVersion = 17.1.32210.238
MinimumVisualStudioVersion = 10.0.40219.1
Project("{9A19103F-16F7-4668-BE54-9A1E7A4F7556}") = "AliFsmnVadSharp", "AliFsmnVadSharp\AliFsmnVadSharp.csproj", "{BFB82F2E-AD5B-405C-AAFF-3CE33C548748}"
EndProject
Project("{9A19103F-16F7-4668-BE54-9A1E7A4F7556}") = "AliFsmnVadSharp.Examples", "AliFsmnVadSharp.Examples\AliFsmnVadSharp.Examples.csproj", "{2FFA4D03-A62B-435B-B57B-7E49209810E1}"
EndProject
Project("{2150E333-8FDC-42A3-9474-1A3956D46DE8}") = "Solution Items", "Solution Items", "{212561CC-9836-4F45-A31B-298EF576F519}"
	ProjectSection(SolutionItems) = preProject
		license = license
		README.md = README.md
	EndProjectSection
EndProject
Global
	GlobalSection(SolutionConfigurationPlatforms) = preSolution
		Debug|Any CPU = Debug|Any CPU
		Release|Any CPU = Release|Any CPU
	EndGlobalSection
	GlobalSection(ProjectConfigurationPlatforms) = postSolution
		{BFB82F2E-AD5B-405C-AAFF-3CE33C548748}.Debug|Any CPU.ActiveCfg = Debug|Any CPU
		{BFB82F2E-AD5B-405C-AAFF-3CE33C548748}.Debug|Any CPU.Build.0 = Debug|Any CPU
		{BFB82F2E-AD5B-405C-AAFF-3CE33C548748}.Release|Any CPU.ActiveCfg = Release|Any CPU
		{BFB82F2E-AD5B-405C-AAFF-3CE33C548748}.Release|Any CPU.Build.0 = Release|Any CPU
		{2FFA4D03-A62B-435B-B57B-7E49209810E1}.Debug|Any CPU.ActiveCfg = Debug|Any CPU
		{2FFA4D03-A62B-435B-B57B-7E49209810E1}.Debug|Any CPU.Build.0 = Debug|Any CPU
		{2FFA4D03-A62B-435B-B57B-7E49209810E1}.Release|Any CPU.ActiveCfg = Release|Any CPU
		{2FFA4D03-A62B-435B-B57B-7E49209810E1}.Release|Any CPU.Build.0 = Release|Any CPU
	EndGlobalSection
	GlobalSection(SolutionProperties) = preSolution
		HideSolutionNode = FALSE
	EndGlobalSection
	GlobalSection(ExtensibilityGlobals) = postSolution
		SolutionGuid = {FCC1BBCC-91A3-4223-B368-D272FB5108B6}
	EndGlobalSection
EndGlobal
