version = 1
revision = 1
requires-python = ">=3.12"

[[package]]
name = "funasr"
version = "0.1.0"
source = { virtual = "." }
dependencies = [
    { name = "numpy" },
    { name = "pyaudio" },
    { name = "websockets" },
]

[package.metadata]
requires-dist = [
    { name = "numpy", specifier = ">=2.3.3" },
    { name = "pyaudio", specifier = ">=0.2.14" },
    { name = "websockets", specifier = ">=15.0.1" },
]

[[package]]
name = "numpy"
version = "2.3.3"
source = { registry = "https://mirrors.aliyun.com/pypi/simple" }
sdist = { url = "https://mirrors.aliyun.com/pypi/packages/d0/19/95b3d357407220ed24c139018d2518fab0a61a948e68286a25f1a4d049ff/numpy-2.3.3.tar.gz", hash = "sha256:ddc7c39727ba62b80dfdbedf400d1c10ddfa8eefbd7ec8dcb118be8b56d31029" }
wheels = [
    { url = "https://mirrors.aliyun.com/pypi/packages/51/5d/bb7fc075b762c96329147799e1bcc9176ab07ca6375ea976c475482ad5b3/numpy-2.3.3-cp312-cp312-macosx_10_13_x86_64.whl", hash = "sha256:cfdd09f9c84a1a934cde1eec2267f0a43a7cd44b2cca4ff95b7c0d14d144b0bf" },
    { url = "https://mirrors.aliyun.com/pypi/packages/6b/0e/c6211bb92af26517acd52125a237a92afe9c3124c6a68d3b9f81b62a0568/numpy-2.3.3-cp312-cp312-macosx_11_0_arm64.whl", hash = "sha256:cb32e3cf0f762aee47ad1ddc6672988f7f27045b0783c887190545baba73aa25" },
    { url = "https://mirrors.aliyun.com/pypi/packages/22/f2/07bb754eb2ede9073f4054f7c0286b0d9d2e23982e090a80d478b26d35ca/numpy-2.3.3-cp312-cp312-macosx_14_0_arm64.whl", hash = "sha256:396b254daeb0a57b1fe0ecb5e3cff6fa79a380fa97c8f7781a6d08cd429418fe" },
    { url = "https://mirrors.aliyun.com/pypi/packages/81/0a/afa51697e9fb74642f231ea36aca80fa17c8fb89f7a82abd5174023c3960/numpy-2.3.3-cp312-cp312-macosx_14_0_x86_64.whl", hash = "sha256:067e3d7159a5d8f8a0b46ee11148fc35ca9b21f61e3c49fbd0a027450e65a33b" },
    { url = "https://mirrors.aliyun.com/pypi/packages/5d/f5/122d9cdb3f51c520d150fef6e87df9279e33d19a9611a87c0d2cf78a89f4/numpy-2.3.3-cp312-cp312-manylinux_2_27_aarch64.manylinux_2_28_aarch64.whl", hash = "sha256:1c02d0629d25d426585fb2e45a66154081b9fa677bc92a881ff1d216bc9919a8" },
    { url = "https://mirrors.aliyun.com/pypi/packages/51/64/7de3c91e821a2debf77c92962ea3fe6ac2bc45d0778c1cbe15d4fce2fd94/numpy-2.3.3-cp312-cp312-manylinux_2_27_x86_64.manylinux_2_28_x86_64.whl", hash = "sha256:d9192da52b9745f7f0766531dcfa978b7763916f158bb63bdb8a1eca0068ab20" },
    { url = "https://mirrors.aliyun.com/pypi/packages/30/e4/961a5fa681502cd0d68907818b69f67542695b74e3ceaa513918103b7e80/numpy-2.3.3-cp312-cp312-musllinux_1_2_aarch64.whl", hash = "sha256:cd7de500a5b66319db419dc3c345244404a164beae0d0937283b907d8152e6ea" },
    { url = "https://mirrors.aliyun.com/pypi/packages/99/26/92c912b966e47fbbdf2ad556cb17e3a3088e2e1292b9833be1dfa5361a1a/numpy-2.3.3-cp312-cp312-musllinux_1_2_x86_64.whl", hash = "sha256:93d4962d8f82af58f0b2eb85daaf1b3ca23fe0a85d0be8f1f2b7bb46034e56d7" },
    { url = "https://mirrors.aliyun.com/pypi/packages/17/b6/fc8f82cb3520768718834f310c37d96380d9dc61bfdaf05fe5c0b7653e01/numpy-2.3.3-cp312-cp312-win32.whl", hash = "sha256:5534ed6b92f9b7dca6c0a19d6df12d41c68b991cef051d108f6dbff3babc4ebf" },
    { url = "https://mirrors.aliyun.com/pypi/packages/32/ee/de999f2625b80d043d6d2d628c07d0d5555a677a3cf78fdf868d409b8766/numpy-2.3.3-cp312-cp312-win_amd64.whl", hash = "sha256:497d7cad08e7092dba36e3d296fe4c97708c93daf26643a1ae4b03f6294d30eb" },
    { url = "https://mirrors.aliyun.com/pypi/packages/49/6e/b479032f8a43559c383acb20816644f5f91c88f633d9271ee84f3b3a996c/numpy-2.3.3-cp312-cp312-win_arm64.whl", hash = "sha256:ca0309a18d4dfea6fc6262a66d06c26cfe4640c3926ceec90e57791a82b6eee5" },
    { url = "https://mirrors.aliyun.com/pypi/packages/7d/b9/984c2b1ee61a8b803bf63582b4ac4242cf76e2dbd663efeafcb620cc0ccb/numpy-2.3.3-cp313-cp313-macosx_10_13_x86_64.whl", hash = "sha256:f5415fb78995644253370985342cd03572ef8620b934da27d77377a2285955bf" },
    { url = "https://mirrors.aliyun.com/pypi/packages/a6/e4/07970e3bed0b1384d22af1e9912527ecbeb47d3b26e9b6a3bced068b3bea/numpy-2.3.3-cp313-cp313-macosx_11_0_arm64.whl", hash = "sha256:d00de139a3324e26ed5b95870ce63be7ec7352171bc69a4cf1f157a48e3eb6b7" },
    { url = "https://mirrors.aliyun.com/pypi/packages/35/c7/477a83887f9de61f1203bad89cf208b7c19cc9fef0cebef65d5a1a0619f2/numpy-2.3.3-cp313-cp313-macosx_14_0_arm64.whl", hash = "sha256:9dc13c6a5829610cc07422bc74d3ac083bd8323f14e2827d992f9e52e22cd6a6" },
    { url = "https://mirrors.aliyun.com/pypi/packages/52/47/93b953bd5866a6f6986344d045a207d3f1cfbad99db29f534ea9cee5108c/numpy-2.3.3-cp313-cp313-macosx_14_0_x86_64.whl", hash = "sha256:d79715d95f1894771eb4e60fb23f065663b2298f7d22945d66877aadf33d00c7" },
    { url = "https://mirrors.aliyun.com/pypi/packages/23/83/377f84aaeb800b64c0ef4de58b08769e782edcefa4fea712910b6f0afd3c/numpy-2.3.3-cp313-cp313-manylinux_2_27_aarch64.manylinux_2_28_aarch64.whl", hash = "sha256:952cfd0748514ea7c3afc729a0fc639e61655ce4c55ab9acfab14bda4f402b4c" },
    { url = "https://mirrors.aliyun.com/pypi/packages/9a/a5/bf3db6e66c4b160d6ea10b534c381a1955dfab34cb1017ea93aa33c70ed3/numpy-2.3.3-cp313-cp313-manylinux_2_27_x86_64.manylinux_2_28_x86_64.whl", hash = "sha256:5b83648633d46f77039c29078751f80da65aa64d5622a3cd62aaef9d835b6c93" },
    { url = "https://mirrors.aliyun.com/pypi/packages/a2/59/1287924242eb4fa3f9b3a2c30400f2e17eb2707020d1c5e3086fe7330717/numpy-2.3.3-cp313-cp313-musllinux_1_2_aarch64.whl", hash = "sha256:b001bae8cea1c7dfdb2ae2b017ed0a6f2102d7a70059df1e338e307a4c78a8ae" },
    { url = "https://mirrors.aliyun.com/pypi/packages/e6/93/b3d47ed882027c35e94ac2320c37e452a549f582a5e801f2d34b56973c97/numpy-2.3.3-cp313-cp313-musllinux_1_2_x86_64.whl", hash = "sha256:8e9aced64054739037d42fb84c54dd38b81ee238816c948c8f3ed134665dcd86" },
    { url = "https://mirrors.aliyun.com/pypi/packages/20/d9/487a2bccbf7cc9d4bfc5f0f197761a5ef27ba870f1e3bbb9afc4bbe3fcc2/numpy-2.3.3-cp313-cp313-win32.whl", hash = "sha256:9591e1221db3f37751e6442850429b3aabf7026d3b05542d102944ca7f00c8a8" },
    { url = "https://mirrors.aliyun.com/pypi/packages/1b/b5/263ebbbbcede85028f30047eab3d58028d7ebe389d6493fc95ae66c636ab/numpy-2.3.3-cp313-cp313-win_amd64.whl", hash = "sha256:f0dadeb302887f07431910f67a14d57209ed91130be0adea2f9793f1a4f817cf" },
    { url = "https://mirrors.aliyun.com/pypi/packages/fa/75/67b8ca554bbeaaeb3fac2e8bce46967a5a06544c9108ec0cf5cece559b6c/numpy-2.3.3-cp313-cp313-win_arm64.whl", hash = "sha256:3c7cf302ac6e0b76a64c4aecf1a09e51abd9b01fc7feee80f6c43e3ab1b1dbc5" },
    { url = "https://mirrors.aliyun.com/pypi/packages/11/d0/0d1ddec56b162042ddfafeeb293bac672de9b0cfd688383590090963720a/numpy-2.3.3-cp313-cp313t-macosx_10_13_x86_64.whl", hash = "sha256:eda59e44957d272846bb407aad19f89dc6f58fecf3504bd144f4c5cf81a7eacc" },
    { url = "https://mirrors.aliyun.com/pypi/packages/36/9e/1996ca6b6d00415b6acbdd3c42f7f03ea256e2c3f158f80bd7436a8a19f3/numpy-2.3.3-cp313-cp313t-macosx_11_0_arm64.whl", hash = "sha256:823d04112bc85ef5c4fda73ba24e6096c8f869931405a80aa8b0e604510a26bc" },
    { url = "https://mirrors.aliyun.com/pypi/packages/05/24/43da09aa764c68694b76e84b3d3f0c44cb7c18cdc1ba80e48b0ac1d2cd39/numpy-2.3.3-cp313-cp313t-macosx_14_0_arm64.whl", hash = "sha256:40051003e03db4041aa325da2a0971ba41cf65714e65d296397cc0e32de6018b" },
    { url = "https://mirrors.aliyun.com/pypi/packages/bc/14/50ffb0f22f7218ef8af28dd089f79f68289a7a05a208db9a2c5dcbe123c1/numpy-2.3.3-cp313-cp313t-macosx_14_0_x86_64.whl", hash = "sha256:6ee9086235dd6ab7ae75aba5662f582a81ced49f0f1c6de4260a78d8f2d91a19" },
    { url = "https://mirrors.aliyun.com/pypi/packages/55/52/af46ac0795e09657d45a7f4db961917314377edecf66db0e39fa7ab5c3d3/numpy-2.3.3-cp313-cp313t-manylinux_2_27_aarch64.manylinux_2_28_aarch64.whl", hash = "sha256:94fcaa68757c3e2e668ddadeaa86ab05499a70725811e582b6a9858dd472fb30" },
    { url = "https://mirrors.aliyun.com/pypi/packages/a7/b1/dc226b4c90eb9f07a3fff95c2f0db3268e2e54e5cce97c4ac91518aee71b/numpy-2.3.3-cp313-cp313t-manylinux_2_27_x86_64.manylinux_2_28_x86_64.whl", hash = "sha256:da1a74b90e7483d6ce5244053399a614b1d6b7bc30a60d2f570e5071f8959d3e" },
    { url = "https://mirrors.aliyun.com/pypi/packages/9d/9d/9d8d358f2eb5eced14dba99f110d83b5cd9a4460895230f3b396ad19a323/numpy-2.3.3-cp313-cp313t-musllinux_1_2_aarch64.whl", hash = "sha256:2990adf06d1ecee3b3dcbb4977dfab6e9f09807598d647f04d385d29e7a3c3d3" },
    { url = "https://mirrors.aliyun.com/pypi/packages/b6/27/b3922660c45513f9377b3fb42240bec63f203c71416093476ec9aa0719dc/numpy-2.3.3-cp313-cp313t-musllinux_1_2_x86_64.whl", hash = "sha256:ed635ff692483b8e3f0fcaa8e7eb8a75ee71aa6d975388224f70821421800cea" },
    { url = "https://mirrors.aliyun.com/pypi/packages/5b/8e/3ab61a730bdbbc201bb245a71102aa609f0008b9ed15255500a99cd7f780/numpy-2.3.3-cp313-cp313t-win32.whl", hash = "sha256:a333b4ed33d8dc2b373cc955ca57babc00cd6f9009991d9edc5ddbc1bac36bcd" },
    { url = "https://mirrors.aliyun.com/pypi/packages/1c/3a/e22b766b11f6030dc2decdeff5c2fb1610768055603f9f3be88b6d192fb2/numpy-2.3.3-cp313-cp313t-win_amd64.whl", hash = "sha256:4384a169c4d8f97195980815d6fcad04933a7e1ab3b530921c3fef7a1c63426d" },
    { url = "https://mirrors.aliyun.com/pypi/packages/7b/42/c2e2bc48c5e9b2a83423f99733950fbefd86f165b468a3d85d52b30bf782/numpy-2.3.3-cp313-cp313t-win_arm64.whl", hash = "sha256:75370986cc0bc66f4ce5110ad35aae6d182cc4ce6433c40ad151f53690130bf1" },
    { url = "https://mirrors.aliyun.com/pypi/packages/6b/01/342ad585ad82419b99bcf7cebe99e61da6bedb89e213c5fd71acc467faee/numpy-2.3.3-cp314-cp314-macosx_10_13_x86_64.whl", hash = "sha256:cd052f1fa6a78dee696b58a914b7229ecfa41f0a6d96dc663c1220a55e137593" },
    { url = "https://mirrors.aliyun.com/pypi/packages/ef/d8/204e0d73fc1b7a9ee80ab1fe1983dd33a4d64a4e30a05364b0208e9a241a/numpy-2.3.3-cp314-cp314-macosx_11_0_arm64.whl", hash = "sha256:414a97499480067d305fcac9716c29cf4d0d76db6ebf0bf3cbce666677f12652" },
    { url = "https://mirrors.aliyun.com/pypi/packages/22/af/f11c916d08f3a18fb8ba81ab72b5b74a6e42ead4c2846d270eb19845bf74/numpy-2.3.3-cp314-cp314-macosx_14_0_arm64.whl", hash = "sha256:50a5fe69f135f88a2be9b6ca0481a68a136f6febe1916e4920e12f1a34e708a7" },
    { url = "https://mirrors.aliyun.com/pypi/packages/fb/11/0ed919c8381ac9d2ffacd63fd1f0c34d27e99cab650f0eb6f110e6ae4858/numpy-2.3.3-cp314-cp314-macosx_14_0_x86_64.whl", hash = "sha256:b912f2ed2b67a129e6a601e9d93d4fa37bef67e54cac442a2f588a54afe5c67a" },
    { url = "https://mirrors.aliyun.com/pypi/packages/ee/83/deb5f77cb0f7ba6cb52b91ed388b47f8f3c2e9930d4665c600408d9b90b9/numpy-2.3.3-cp314-cp314-manylinux_2_27_aarch64.manylinux_2_28_aarch64.whl", hash = "sha256:9e318ee0596d76d4cb3d78535dc005fa60e5ea348cd131a51e99d0bdbe0b54fe" },
    { url = "https://mirrors.aliyun.com/pypi/packages/77/cc/70e59dcb84f2b005d4f306310ff0a892518cc0c8000a33d0e6faf7ca8d80/numpy-2.3.3-cp314-cp314-manylinux_2_27_x86_64.manylinux_2_28_x86_64.whl", hash = "sha256:ce020080e4a52426202bdb6f7691c65bb55e49f261f31a8f506c9f6bc7450421" },
    { url = "https://mirrors.aliyun.com/pypi/packages/b6/5a/b2ab6c18b4257e099587d5b7f903317bd7115333ad8d4ec4874278eafa61/numpy-2.3.3-cp314-cp314-musllinux_1_2_aarch64.whl", hash = "sha256:e6687dc183aa55dae4a705b35f9c0f8cb178bcaa2f029b241ac5356221d5c021" },
    { url = "https://mirrors.aliyun.com/pypi/packages/b8/f1/8b3fdc44324a259298520dd82147ff648979bed085feeacc1250ef1656c0/numpy-2.3.3-cp314-cp314-musllinux_1_2_x86_64.whl", hash = "sha256:d8f3b1080782469fdc1718c4ed1d22549b5fb12af0d57d35e992158a772a37cf" },
    { url = "https://mirrors.aliyun.com/pypi/packages/f0/a1/b87a284fb15a42e9274e7fcea0dad259d12ddbf07c1595b26883151ca3b4/numpy-2.3.3-cp314-cp314-win32.whl", hash = "sha256:cb248499b0bc3be66ebd6578b83e5acacf1d6cb2a77f2248ce0e40fbec5a76d0" },
    { url = "https://mirrors.aliyun.com/pypi/packages/70/5f/1816f4d08f3b8f66576d8433a66f8fa35a5acfb3bbd0bf6c31183b003f3d/numpy-2.3.3-cp314-cp314-win_amd64.whl", hash = "sha256:691808c2b26b0f002a032c73255d0bd89751425f379f7bcd22d140db593a96e8" },
    { url = "https://mirrors.aliyun.com/pypi/packages/8c/de/072420342e46a8ea41c324a555fa90fcc11637583fb8df722936aed1736d/numpy-2.3.3-cp314-cp314-win_arm64.whl", hash = "sha256:9ad12e976ca7b10f1774b03615a2a4bab8addce37ecc77394d8e986927dc0dfe" },
    { url = "https://mirrors.aliyun.com/pypi/packages/d5/df/ee2f1c0a9de7347f14da5dd3cd3c3b034d1b8607ccb6883d7dd5c035d631/numpy-2.3.3-cp314-cp314t-macosx_10_13_x86_64.whl", hash = "sha256:9cc48e09feb11e1db00b320e9d30a4151f7369afb96bd0e48d942d09da3a0d00" },
    { url = "https://mirrors.aliyun.com/pypi/packages/d6/92/9453bdc5a4e9e69cf4358463f25e8260e2ffc126d52e10038b9077815989/numpy-2.3.3-cp314-cp314t-macosx_11_0_arm64.whl", hash = "sha256:901bf6123879b7f251d3631967fd574690734236075082078e0571977c6a8e6a" },
    { url = "https://mirrors.aliyun.com/pypi/packages/13/77/1447b9eb500f028bb44253105bd67534af60499588a5149a94f18f2ca917/numpy-2.3.3-cp314-cp314t-macosx_14_0_arm64.whl", hash = "sha256:7f025652034199c301049296b59fa7d52c7e625017cae4c75d8662e377bf487d" },
    { url = "https://mirrors.aliyun.com/pypi/packages/3d/f9/d72221b6ca205f9736cb4b2ce3b002f6e45cd67cd6a6d1c8af11a2f0b649/numpy-2.3.3-cp314-cp314t-macosx_14_0_x86_64.whl", hash = "sha256:533ca5f6d325c80b6007d4d7fb1984c303553534191024ec6a524a4c92a5935a" },
    { url = "https://mirrors.aliyun.com/pypi/packages/3c/5f/d12834711962ad9c46af72f79bb31e73e416ee49d17f4c797f72c96b6ca5/numpy-2.3.3-cp314-cp314t-manylinux_2_27_aarch64.manylinux_2_28_aarch64.whl", hash = "sha256:0edd58682a399824633b66885d699d7de982800053acf20be1eaa46d92009c54" },
    { url = "https://mirrors.aliyun.com/pypi/packages/a1/0d/fdbec6629d97fd1bebed56cd742884e4eead593611bbe1abc3eb40d304b2/numpy-2.3.3-cp314-cp314t-manylinux_2_27_x86_64.manylinux_2_28_x86_64.whl", hash = "sha256:367ad5d8fbec5d9296d18478804a530f1191e24ab4d75ab408346ae88045d25e" },
    { url = "https://mirrors.aliyun.com/pypi/packages/9b/09/0a35196dc5575adde1eb97ddfbc3e1687a814f905377621d18ca9bc2b7dd/numpy-2.3.3-cp314-cp314t-musllinux_1_2_aarch64.whl", hash = "sha256:8f6ac61a217437946a1fa48d24c47c91a0c4f725237871117dea264982128097" },
    { url = "https://mirrors.aliyun.com/pypi/packages/7a/ca/c9de3ea397d576f1b6753eaa906d4cdef1bf97589a6d9825a349b4729cc2/numpy-2.3.3-cp314-cp314t-musllinux_1_2_x86_64.whl", hash = "sha256:179a42101b845a816d464b6fe9a845dfaf308fdfc7925387195570789bb2c970" },
    { url = "https://mirrors.aliyun.com/pypi/packages/fd/c2/e5ed830e08cd0196351db55db82f65bc0ab05da6ef2b72a836dcf1936d2f/numpy-2.3.3-cp314-cp314t-win32.whl", hash = "sha256:1250c5d3d2562ec4174bce2e3a1523041595f9b651065e4a4473f5f48a6bc8a5" },
    { url = "https://mirrors.aliyun.com/pypi/packages/47/c7/b0f6b5b67f6788a0725f744496badbb604d226bf233ba716683ebb47b570/numpy-2.3.3-cp314-cp314t-win_amd64.whl", hash = "sha256:b37a0b2e5935409daebe82c1e42274d30d9dd355852529eab91dab8dcca7419f" },
    { url = "https://mirrors.aliyun.com/pypi/packages/06/b9/33bba5ff6fb679aa0b1f8a07e853f002a6b04b9394db3069a1270a7784ca/numpy-2.3.3-cp314-cp314t-win_arm64.whl", hash = "sha256:78c9f6560dc7e6b3990e32df7ea1a50bbd0e2a111e05209963f5ddcab7073b0b" },
]

[[package]]
name = "pyaudio"
version = "0.2.14"
source = { registry = "https://mirrors.aliyun.com/pypi/simple" }
sdist = { url = "https://mirrors.aliyun.com/pypi/packages/26/1d/8878c7752febb0f6716a7e1a52cb92ac98871c5aa522cba181878091607c/PyAudio-0.2.14.tar.gz", hash = "sha256:78dfff3879b4994d1f4fc6485646a57755c6ee3c19647a491f790a0895bd2f87" }
wheels = [
    { url = "https://mirrors.aliyun.com/pypi/packages/8d/45/8d2b76e8f6db783f9326c1305f3f816d4a12c8eda5edc6a2e1d03c097c3b/PyAudio-0.2.14-cp312-cp312-win32.whl", hash = "sha256:5fce4bcdd2e0e8c063d835dbe2860dac46437506af509353c7f8114d4bacbd5b" },
    { url = "https://mirrors.aliyun.com/pypi/packages/b0/6a/d25812e5f79f06285767ec607b39149d02aa3b31d50c2269768f48768930/PyAudio-0.2.14-cp312-cp312-win_amd64.whl", hash = "sha256:12f2f1ba04e06ff95d80700a78967897a489c05e093e3bffa05a84ed9c0a7fa3" },
    { url = "https://mirrors.aliyun.com/pypi/packages/3a/77/66cd37111a87c1589b63524f3d3c848011d21ca97828422c7fde7665ff0d/PyAudio-0.2.14-cp313-cp313-win32.whl", hash = "sha256:95328285b4dab57ea8c52a4a996cb52be6d629353315be5bfda403d15932a497" },
    { url = "https://mirrors.aliyun.com/pypi/packages/a5/8b/7f9a061c1cc2b230f9ac02a6003fcd14c85ce1828013aecbaf45aa988d20/PyAudio-0.2.14-cp313-cp313-win_amd64.whl", hash = "sha256:692d8c1446f52ed2662120bcd9ddcb5aa2b71f38bda31e58b19fb4672fffba69" },
]

[[package]]
name = "websockets"
version = "15.0.1"
source = { registry = "https://mirrors.aliyun.com/pypi/simple" }
sdist = { url = "https://mirrors.aliyun.com/pypi/packages/21/e6/26d09fab466b7ca9c7737474c52be4f76a40301b08362eb2dbc19dcc16c1/websockets-15.0.1.tar.gz", hash = "sha256:82544de02076bafba038ce055ee6412d68da13ab47f0c60cab827346de828dee" }
wheels = [
    { url = "https://mirrors.aliyun.com/pypi/packages/51/6b/4545a0d843594f5d0771e86463606a3988b5a09ca5123136f8a76580dd63/websockets-15.0.1-cp312-cp312-macosx_10_13_universal2.whl", hash = "sha256:3e90baa811a5d73f3ca0bcbf32064d663ed81318ab225ee4f427ad4e26e5aff3" },
    { url = "https://mirrors.aliyun.com/pypi/packages/f4/71/809a0f5f6a06522af902e0f2ea2757f71ead94610010cf570ab5c98e99ed/websockets-15.0.1-cp312-cp312-macosx_10_13_x86_64.whl", hash = "sha256:592f1a9fe869c778694f0aa806ba0374e97648ab57936f092fd9d87f8bc03665" },
    { url = "https://mirrors.aliyun.com/pypi/packages/3d/69/1a681dd6f02180916f116894181eab8b2e25b31e484c5d0eae637ec01f7c/websockets-15.0.1-cp312-cp312-macosx_11_0_arm64.whl", hash = "sha256:0701bc3cfcb9164d04a14b149fd74be7347a530ad3bbf15ab2c678a2cd3dd9a2" },
    { url = "https://mirrors.aliyun.com/pypi/packages/a6/02/0073b3952f5bce97eafbb35757f8d0d54812b6174ed8dd952aa08429bcc3/websockets-15.0.1-cp312-cp312-manylinux_2_17_aarch64.manylinux2014_aarch64.whl", hash = "sha256:e8b56bdcdb4505c8078cb6c7157d9811a85790f2f2b3632c7d1462ab5783d215" },
    { url = "https://mirrors.aliyun.com/pypi/packages/74/45/c205c8480eafd114b428284840da0b1be9ffd0e4f87338dc95dc6ff961a1/websockets-15.0.1-cp312-cp312-manylinux_2_5_i686.manylinux1_i686.manylinux_2_17_i686.manylinux2014_i686.whl", hash = "sha256:0af68c55afbd5f07986df82831c7bff04846928ea8d1fd7f30052638788bc9b5" },
    { url = "https://mirrors.aliyun.com/pypi/packages/14/8f/aa61f528fba38578ec553c145857a181384c72b98156f858ca5c8e82d9d3/websockets-15.0.1-cp312-cp312-manylinux_2_5_x86_64.manylinux1_x86_64.manylinux_2_17_x86_64.manylinux2014_x86_64.whl", hash = "sha256:64dee438fed052b52e4f98f76c5790513235efaa1ef7f3f2192c392cd7c91b65" },
    { url = "https://mirrors.aliyun.com/pypi/packages/ec/6d/0267396610add5bc0d0d3e77f546d4cd287200804fe02323797de77dbce9/websockets-15.0.1-cp312-cp312-musllinux_1_2_aarch64.whl", hash = "sha256:d5f6b181bb38171a8ad1d6aa58a67a6aa9d4b38d0f8c5f496b9e42561dfc62fe" },
    { url = "https://mirrors.aliyun.com/pypi/packages/02/05/c68c5adbf679cf610ae2f74a9b871ae84564462955d991178f95a1ddb7dd/websockets-15.0.1-cp312-cp312-musllinux_1_2_i686.whl", hash = "sha256:5d54b09eba2bada6011aea5375542a157637b91029687eb4fdb2dab11059c1b4" },
    { url = "https://mirrors.aliyun.com/pypi/packages/29/93/bb672df7b2f5faac89761cb5fa34f5cec45a4026c383a4b5761c6cea5c16/websockets-15.0.1-cp312-cp312-musllinux_1_2_x86_64.whl", hash = "sha256:3be571a8b5afed347da347bfcf27ba12b069d9d7f42cb8c7028b5e98bbb12597" },
    { url = "https://mirrors.aliyun.com/pypi/packages/ff/83/de1f7709376dc3ca9b7eeb4b9a07b4526b14876b6d372a4dc62312bebee0/websockets-15.0.1-cp312-cp312-win32.whl", hash = "sha256:c338ffa0520bdb12fbc527265235639fb76e7bc7faafbb93f6ba80d9c06578a9" },
    { url = "https://mirrors.aliyun.com/pypi/packages/7d/71/abf2ebc3bbfa40f391ce1428c7168fb20582d0ff57019b69ea20fa698043/websockets-15.0.1-cp312-cp312-win_amd64.whl", hash = "sha256:fcd5cf9e305d7b8338754470cf69cf81f420459dbae8a3b40cee57417f4614a7" },
    { url = "https://mirrors.aliyun.com/pypi/packages/cb/9f/51f0cf64471a9d2b4d0fc6c534f323b664e7095640c34562f5182e5a7195/websockets-15.0.1-cp313-cp313-macosx_10_13_universal2.whl", hash = "sha256:ee443ef070bb3b6ed74514f5efaa37a252af57c90eb33b956d35c8e9c10a1931" },
    { url = "https://mirrors.aliyun.com/pypi/packages/8a/05/aa116ec9943c718905997412c5989f7ed671bc0188ee2ba89520e8765d7b/websockets-15.0.1-cp313-cp313-macosx_10_13_x86_64.whl", hash = "sha256:5a939de6b7b4e18ca683218320fc67ea886038265fd1ed30173f5ce3f8e85675" },
    { url = "https://mirrors.aliyun.com/pypi/packages/ff/0b/33cef55ff24f2d92924923c99926dcce78e7bd922d649467f0eda8368923/websockets-15.0.1-cp313-cp313-macosx_11_0_arm64.whl", hash = "sha256:746ee8dba912cd6fc889a8147168991d50ed70447bf18bcda7039f7d2e3d9151" },
    { url = "https://mirrors.aliyun.com/pypi/packages/31/1d/063b25dcc01faa8fada1469bdf769de3768b7044eac9d41f734fd7b6ad6d/websockets-15.0.1-cp313-cp313-manylinux_2_17_aarch64.manylinux2014_aarch64.whl", hash = "sha256:595b6c3969023ecf9041b2936ac3827e4623bfa3ccf007575f04c5a6aa318c22" },
    { url = "https://mirrors.aliyun.com/pypi/packages/93/53/9a87ee494a51bf63e4ec9241c1ccc4f7c2f45fff85d5bde2ff74fcb68b9e/websockets-15.0.1-cp313-cp313-manylinux_2_5_i686.manylinux1_i686.manylinux_2_17_i686.manylinux2014_i686.whl", hash = "sha256:3c714d2fc58b5ca3e285461a4cc0c9a66bd0e24c5da9911e30158286c9b5be7f" },
    { url = "https://mirrors.aliyun.com/pypi/packages/ff/b2/83a6ddf56cdcbad4e3d841fcc55d6ba7d19aeb89c50f24dd7e859ec0805f/websockets-15.0.1-cp313-cp313-manylinux_2_5_x86_64.manylinux1_x86_64.manylinux_2_17_x86_64.manylinux2014_x86_64.whl", hash = "sha256:0f3c1e2ab208db911594ae5b4f79addeb3501604a165019dd221c0bdcabe4db8" },
    { url = "https://mirrors.aliyun.com/pypi/packages/98/41/e7038944ed0abf34c45aa4635ba28136f06052e08fc2168520bb8b25149f/websockets-15.0.1-cp313-cp313-musllinux_1_2_aarch64.whl", hash = "sha256:229cf1d3ca6c1804400b0a9790dc66528e08a6a1feec0d5040e8b9eb14422375" },
    { url = "https://mirrors.aliyun.com/pypi/packages/e0/17/de15b6158680c7623c6ef0db361da965ab25d813ae54fcfeae2e5b9ef910/websockets-15.0.1-cp313-cp313-musllinux_1_2_i686.whl", hash = "sha256:756c56e867a90fb00177d530dca4b097dd753cde348448a1012ed6c5131f8b7d" },
    { url = "https://mirrors.aliyun.com/pypi/packages/33/2b/1f168cb6041853eef0362fb9554c3824367c5560cbdaad89ac40f8c2edfc/websockets-15.0.1-cp313-cp313-musllinux_1_2_x86_64.whl", hash = "sha256:558d023b3df0bffe50a04e710bc87742de35060580a293c2a984299ed83bc4e4" },
    { url = "https://mirrors.aliyun.com/pypi/packages/86/eb/20b6cdf273913d0ad05a6a14aed4b9a85591c18a987a3d47f20fa13dcc47/websockets-15.0.1-cp313-cp313-win32.whl", hash = "sha256:ba9e56e8ceeeedb2e080147ba85ffcd5cd0711b89576b83784d8605a7df455fa" },
    { url = "https://mirrors.aliyun.com/pypi/packages/1b/6c/c65773d6cab416a64d191d6ee8a8b1c68a09970ea6909d16965d26bfed1e/websockets-15.0.1-cp313-cp313-win_amd64.whl", hash = "sha256:e09473f095a819042ecb2ab9465aee615bd9c2028e4ef7d933600a8401c79561" },
    { url = "https://mirrors.aliyun.com/pypi/packages/fa/a8/5b41e0da817d64113292ab1f8247140aac61cbf6cfd085d6a0fa77f4984f/websockets-15.0.1-py3-none-any.whl", hash = "sha256:f7a866fbc1e97b5c617ee4116daaa09b722101d4a3c170c787450ba409f9736f" },
]
