
Microsoft Visual Studio Solution File, Format Version 12.00
# Visual Studio Version 17
VisualStudioVersion = 17.1.32210.238
MinimumVisualStudioVersion = 10.0.40219.1
Project("{9A19103F-16F7-4668-BE54-9A1E7A4F7556}") = "AliCTTransformerPunc", "AliCTTransformerPunc.csproj", "{4A93E193-942F-44D7-98CD-79657D301508}"
EndProject
Project("{9A19103F-16F7-4668-BE54-9A1E7A4F7556}") = "AliCTTransformerPunc.Examples", "..\AliCTTransformerPunc.Examples\AliCTTransformerPunc.Examples.csproj", "{E96895C9-0CF5-4B82-9E32-8A7C12762B00}"
EndProject
Global
	GlobalSection(SolutionConfigurationPlatforms) = preSolution
		Debug|Any CPU = Debug|Any CPU
		Release|Any CPU = Release|Any CPU
	EndGlobalSection
	GlobalSection(ProjectConfigurationPlatforms) = postSolution
		{4A93E193-942F-44D7-98CD-79657D301508}.Debug|Any CPU.ActiveCfg = Debug|Any CPU
		{4A93E193-942F-44D7-98CD-79657D301508}.Debug|Any CPU.Build.0 = Debug|Any CPU
		{4A93E193-942F-44D7-98CD-79657D301508}.Release|Any CPU.ActiveCfg = Release|Any CPU
		{4A93E193-942F-44D7-98CD-79657D301508}.Release|Any CPU.Build.0 = Release|Any CPU
		{E96895C9-0CF5-4B82-9E32-8A7C12762B00}.Debug|Any CPU.ActiveCfg = Debug|Any CPU
		{E96895C9-0CF5-4B82-9E32-8A7C12762B00}.Debug|Any CPU.Build.0 = Debug|Any CPU
		{E96895C9-0CF5-4B82-9E32-8A7C12762B00}.Release|Any CPU.ActiveCfg = Release|Any CPU
		{E96895C9-0CF5-4B82-9E32-8A7C12762B00}.Release|Any CPU.Build.0 = Release|Any CPU
	EndGlobalSection
	GlobalSection(SolutionProperties) = preSolution
		HideSolutionNode = FALSE
	EndGlobalSection
	GlobalSection(ExtensibilityGlobals) = postSolution
		SolutionGuid = {A4145426-DC7D-45C3-A800-2FC243751C5A}
	EndGlobalSection
EndGlobal
