// !$*UTF8*$!
{
	archiveVersion = 1;
	classes = {
	};
	objectVersion = 56;
	objects = {

/* Begin PBXBuildFile section */
		1A7F0C982A2F1F0000A6EEB7 /* AppDelegate.m in Sources */ = {isa = PBXBuildFile; fileRef = 1A7F0C972A2F1F0000A6EEB7 /* AppDelegate.m */; };
		1A7F0C9B2A2F1F0000A6EEB7 /* SceneDelegate.m in Sources */ = {isa = PBXBuildFile; fileRef = 1A7F0C9A2A2F1F0000A6EEB7 /* SceneDelegate.m */; };
		1A7F0C9E2A2F1F0000A6EEB7 /* ViewController.mm in Sources */ = {isa = PBXBuildFile; fileRef = 1A7F0C9D2A2F1F0000A6EEB7 /* ViewController.mm */; };
		1A7F0CA12A2F1F0000A6EEB7 /* Main.storyboard in Resources */ = {isa = PBXBuildFile; fileRef = 1A7F0C9F2A2F1F0000A6EEB7 /* Main.storyboard */; };
		1A7F0CA32A2F1F0200A6EEB7 /* Assets.xcassets in Resources */ = {isa = PBXBuildFile; fileRef = 1A7F0CA22A2F1F0200A6EEB7 /* Assets.xcassets */; };
		1A7F0CA62A2F1F0200A6EEB7 /* LaunchScreen.storyboard in Resources */ = {isa = PBXBuildFile; fileRef = 1A7F0CA42A2F1F0200A6EEB7 /* LaunchScreen.storyboard */; };
		1A7F0CA92A2F1F0200A6EEB7 /* main.m in Sources */ = {isa = PBXBuildFile; fileRef = 1A7F0CA82A2F1F0200A6EEB7 /* main.m */; };
		1A7F0DB72A2F1FC400A6EEB7 /* Accelerate.framework in Frameworks */ = {isa = PBXBuildFile; fileRef = 1A7F0DB62A2F1FC400A6EEB7 /* Accelerate.framework */; };
		1A7F0DB92A2F20B900A6EEB7 /* libc++.1.tbd in Frameworks */ = {isa = PBXBuildFile; fileRef = 1A7F0DB82A2F20B900A6EEB7 /* libc++.1.tbd */; };
		1A7F0DBE2A2F221C00A6EEB7 /* AudioCapture.mm in Sources */ = {isa = PBXBuildFile; fileRef = 1A7F0DBB2A2F221C00A6EEB7 /* AudioCapture.mm */; };
		1A7F0DBF2A2F221C00A6EEB7 /* AudioRecorder.m in Sources */ = {isa = PBXBuildFile; fileRef = 1A7F0DBD2A2F221C00A6EEB7 /* AudioRecorder.m */; };
		1A7F0DC32A2F312D00A6EEB7 /* model in Resources */ = {isa = PBXBuildFile; fileRef = 1A7F0DC22A2F312D00A6EEB7 /* model */; };
		1A7F0DC52A2F3F7A00A6EEB7 /* Readme.md in Resources */ = {isa = PBXBuildFile; fileRef = 1A7F0DC42A2F3F7A00A6EEB7 /* Readme.md */; };
		1A7F0E3E2A32FD8300A6EEB7 /* vocab.cpp in Sources */ = {isa = PBXBuildFile; fileRef = 1A7F0E3C2A32FD8300A6EEB7 /* vocab.cpp */; };
		1A7F0EAB2A32FE8F00A6EEB7 /* exceptions.cpp in Sources */ = {isa = PBXBuildFile; fileRef = 1A7F0E722A32FE8F00A6EEB7 /* exceptions.cpp */; };
		1A7F0EAC2A32FE8F00A6EEB7 /* memory.cpp in Sources */ = {isa = PBXBuildFile; fileRef = 1A7F0E732A32FE8F00A6EEB7 /* memory.cpp */; };
		1A7F0EAD2A32FE8F00A6EEB7 /* ostream_wrapper.cpp in Sources */ = {isa = PBXBuildFile; fileRef = 1A7F0E762A32FE8F00A6EEB7 /* ostream_wrapper.cpp */; };
		1A7F0EAE2A32FE8F00A6EEB7 /* emitfromevents.cpp in Sources */ = {isa = PBXBuildFile; fileRef = 1A7F0E782A32FE8F00A6EEB7 /* emitfromevents.cpp */; };
		1A7F0EAF2A32FE8F00A6EEB7 /* simplekey.cpp in Sources */ = {isa = PBXBuildFile; fileRef = 1A7F0E792A32FE8F00A6EEB7 /* simplekey.cpp */; };
		1A7F0EB02A32FE8F00A6EEB7 /* parse.cpp in Sources */ = {isa = PBXBuildFile; fileRef = 1A7F0E7A2A32FE8F00A6EEB7 /* parse.cpp */; };
		1A7F0EB12A32FE8F00A6EEB7 /* emitter.cpp in Sources */ = {isa = PBXBuildFile; fileRef = 1A7F0E7C2A32FE8F00A6EEB7 /* emitter.cpp */; };
		1A7F0EB22A32FE8F00A6EEB7 /* convert.cpp in Sources */ = {isa = PBXBuildFile; fileRef = 1A7F0E7E2A32FE8F00A6EEB7 /* convert.cpp */; };
		1A7F0EB32A32FE8F00A6EEB7 /* regex_yaml.cpp in Sources */ = {isa = PBXBuildFile; fileRef = 1A7F0E7F2A32FE8F00A6EEB7 /* regex_yaml.cpp */; };
		1A7F0EB42A32FE8F00A6EEB7 /* scanscalar.cpp in Sources */ = {isa = PBXBuildFile; fileRef = 1A7F0E802A32FE8F00A6EEB7 /* scanscalar.cpp */; };
		1A7F0EB52A32FE8F00A6EEB7 /* exp.cpp in Sources */ = {isa = PBXBuildFile; fileRef = 1A7F0E812A32FE8F00A6EEB7 /* exp.cpp */; };
		1A7F0EB62A32FE8F00A6EEB7 /* null.cpp in Sources */ = {isa = PBXBuildFile; fileRef = 1A7F0E822A32FE8F00A6EEB7 /* null.cpp */; };
		1A7F0EB72A32FE8F00A6EEB7 /* node.cpp in Sources */ = {isa = PBXBuildFile; fileRef = 1A7F0E832A32FE8F00A6EEB7 /* node.cpp */; };
		1A7F0EB82A32FE8F00A6EEB7 /* singledocparser.cpp in Sources */ = {isa = PBXBuildFile; fileRef = 1A7F0E842A32FE8F00A6EEB7 /* singledocparser.cpp */; };
		1A7F0EB92A32FE8F00A6EEB7 /* binary.cpp in Sources */ = {isa = PBXBuildFile; fileRef = 1A7F0E862A32FE8F00A6EEB7 /* binary.cpp */; };
		1A7F0EBA2A32FE8F00A6EEB7 /* nodeevents.cpp in Sources */ = {isa = PBXBuildFile; fileRef = 1A7F0E882A32FE8F00A6EEB7 /* nodeevents.cpp */; };
		1A7F0EBB2A32FE8F00A6EEB7 /* graphbuilderadapter.cpp in Sources */ = {isa = PBXBuildFile; fileRef = 1A7F0E8A2A32FE8F00A6EEB7 /* graphbuilderadapter.cpp */; };
		1A7F0EBC2A32FE8F00A6EEB7 /* graphbuilder.cpp in Sources */ = {isa = PBXBuildFile; fileRef = 1A7F0E8B2A32FE8F00A6EEB7 /* graphbuilder.cpp */; };
		1A7F0EBD2A32FE8F00A6EEB7 /* scanner.cpp in Sources */ = {isa = PBXBuildFile; fileRef = 1A7F0E8E2A32FE8F00A6EEB7 /* scanner.cpp */; };
		1A7F0EBE2A32FE8F00A6EEB7 /* emit.cpp in Sources */ = {isa = PBXBuildFile; fileRef = 1A7F0E8F2A32FE8F00A6EEB7 /* emit.cpp */; };
		1A7F0EBF2A32FE8F00A6EEB7 /* tag.cpp in Sources */ = {isa = PBXBuildFile; fileRef = 1A7F0E902A32FE8F00A6EEB7 /* tag.cpp */; };
		1A7F0EC02A32FE8F00A6EEB7 /* emitterutils.cpp in Sources */ = {isa = PBXBuildFile; fileRef = 1A7F0E932A32FE8F00A6EEB7 /* emitterutils.cpp */; };
		1A7F0EC12A32FE8F00A6EEB7 /* stream.cpp in Sources */ = {isa = PBXBuildFile; fileRef = 1A7F0E952A32FE8F00A6EEB7 /* stream.cpp */; };
		1A7F0EC22A32FE8F00A6EEB7 /* scantag.cpp in Sources */ = {isa = PBXBuildFile; fileRef = 1A7F0E962A32FE8F00A6EEB7 /* scantag.cpp */; };
		1A7F0EC32A32FE8F00A6EEB7 /* scantoken.cpp in Sources */ = {isa = PBXBuildFile; fileRef = 1A7F0E972A32FE8F00A6EEB7 /* scantoken.cpp */; };
		1A7F0EC42A32FE8F00A6EEB7 /* nodebuilder.cpp in Sources */ = {isa = PBXBuildFile; fileRef = 1A7F0E992A32FE8F00A6EEB7 /* nodebuilder.cpp */; };
		1A7F0EC52A32FE8F00A6EEB7 /* directives.cpp in Sources */ = {isa = PBXBuildFile; fileRef = 1A7F0E9B2A32FE8F00A6EEB7 /* directives.cpp */; };
		1A7F0EC62A32FE8F00A6EEB7 /* node_data.cpp in Sources */ = {isa = PBXBuildFile; fileRef = 1A7F0EA12A32FE8F00A6EEB7 /* node_data.cpp */; };
		1A7F0EC72A32FE8F00A6EEB7 /* emitterstate.cpp in Sources */ = {isa = PBXBuildFile; fileRef = 1A7F0EA22A32FE8F00A6EEB7 /* emitterstate.cpp */; };
		1A7F0EC82A32FE8F00A6EEB7 /* parser.cpp in Sources */ = {isa = PBXBuildFile; fileRef = 1A7F0EA32A32FE8F00A6EEB7 /* parser.cpp */; };
		1AA443752A7B9E7700CD9E2E /* paraformer.cpp in Sources */ = {isa = PBXBuildFile; fileRef = 1AA443282A7B9E7700CD9E2E /* paraformer.cpp */; };
		1AA443762A7B9E7700CD9E2E /* feature-fbank.cc in Sources */ = {isa = PBXBuildFile; fileRef = 1AA443302A7B9E7700CD9E2E /* feature-fbank.cc */; };
		1AA443772A7B9E7700CD9E2E /* online-feature.cc in Sources */ = {isa = PBXBuildFile; fileRef = 1AA443322A7B9E7700CD9E2E /* online-feature.cc */; };
		1AA4437C2A7B9E7700CD9E2E /* rfft.cc in Sources */ = {isa = PBXBuildFile; fileRef = 1AA443392A7B9E7700CD9E2E /* rfft.cc */; };
		1AA4437E2A7B9E7700CD9E2E /* feature-window.cc in Sources */ = {isa = PBXBuildFile; fileRef = 1AA4433B2A7B9E7700CD9E2E /* feature-window.cc */; };
		1AA4437F2A7B9E7700CD9E2E /* mel-computations.cc in Sources */ = {isa = PBXBuildFile; fileRef = 1AA4433D2A7B9E7700CD9E2E /* mel-computations.cc */; };
		1AA443802A7B9E7700CD9E2E /* fftsg.c in Sources */ = {isa = PBXBuildFile; fileRef = 1AA4433F2A7B9E7700CD9E2E /* fftsg.c */; };
		1AA443822A7B9E7700CD9E2E /* feature-functions.cc in Sources */ = {isa = PBXBuildFile; fileRef = 1AA443412A7B9E7700CD9E2E /* feature-functions.cc */; };
		1AA443832A7B9E7700CD9E2E /* log.cc in Sources */ = {isa = PBXBuildFile; fileRef = 1AA443442A7B9E7700CD9E2E /* log.cc */; };
		1AA4438C2A7B9E7700CD9E2E /* ct-transformer-online.cpp in Sources */ = {isa = PBXBuildFile; fileRef = 1AA443502A7B9E7700CD9E2E /* ct-transformer-online.cpp */; };
		1AA4438E2A7B9E7700CD9E2E /* fsmn-vad.cpp in Sources */ = {isa = PBXBuildFile; fileRef = 1AA443532A7B9E7700CD9E2E /* fsmn-vad.cpp */; };
		1AA443902A7B9E7700CD9E2E /* resample.cpp in Sources */ = {isa = PBXBuildFile; fileRef = 1AA443582A7B9E7700CD9E2E /* resample.cpp */; };
		1AA443912A7B9E7700CD9E2E /* audio.cpp in Sources */ = {isa = PBXBuildFile; fileRef = 1AA4435A2A7B9E7700CD9E2E /* audio.cpp */; };
		1AA443922A7B9E7700CD9E2E /* tokenizer.cpp in Sources */ = {isa = PBXBuildFile; fileRef = 1AA4435E2A7B9E7700CD9E2E /* tokenizer.cpp */; };
		1AA443932A7B9E7700CD9E2E /* offline-stream.cpp in Sources */ = {isa = PBXBuildFile; fileRef = 1AA443612A7B9E7700CD9E2E /* offline-stream.cpp */; };
		1AA443942A7B9E7700CD9E2E /* alignedmem.cpp in Sources */ = {isa = PBXBuildFile; fileRef = 1AA443622A7B9E7700CD9E2E /* alignedmem.cpp */; };
		1AA443952A7B9E7700CD9E2E /* fsmn-vad-online.cpp in Sources */ = {isa = PBXBuildFile; fileRef = 1AA443632A7B9E7700CD9E2E /* fsmn-vad-online.cpp */; };
		1AA443962A7B9E7700CD9E2E /* ct-transformer.cpp in Sources */ = {isa = PBXBuildFile; fileRef = 1AA443672A7B9E7700CD9E2E /* ct-transformer.cpp */; };
		1AA443972A7B9E7700CD9E2E /* model.cpp in Sources */ = {isa = PBXBuildFile; fileRef = 1AA443692A7B9E7700CD9E2E /* model.cpp */; };
		1AA443982A7B9E7700CD9E2E /* util.cpp in Sources */ = {isa = PBXBuildFile; fileRef = 1AA4436B2A7B9E7700CD9E2E /* util.cpp */; };
		1AA443992A7B9E7700CD9E2E /* funasrruntime.cpp in Sources */ = {isa = PBXBuildFile; fileRef = 1AA4436D2A7B9E7700CD9E2E /* funasrruntime.cpp */; };
		1AA4439A2A7B9E7700CD9E2E /* paraformer-online.cpp in Sources */ = {isa = PBXBuildFile; fileRef = 1AA443702A7B9E7700CD9E2E /* paraformer-online.cpp */; };
		1AA4439B2A7B9E7700CD9E2E /* punc-model.cpp in Sources */ = {isa = PBXBuildFile; fileRef = 1AA443722A7B9E7700CD9E2E /* punc-model.cpp */; };
		1AA4439C2A7B9E7700CD9E2E /* vad-model.cpp in Sources */ = {isa = PBXBuildFile; fileRef = 1AA443742A7B9E7700CD9E2E /* vad-model.cpp */; };
		59C4114F365C8D714BD515FB /* Pods_paraformer_online.framework in Frameworks */ = {isa = PBXBuildFile; fileRef = EA7D0713E60886A787BAA0EA /* Pods_paraformer_online.framework */; };
/* End PBXBuildFile section */

/* Begin PBXFileReference section */
		00FB7DEC958626AACE224936 /* Pods-paraformer_online.release.xcconfig */ = {isa = PBXFileReference; includeInIndex = 1; lastKnownFileType = text.xcconfig; name = "Pods-paraformer_online.release.xcconfig"; path = "Target Support Files/Pods-paraformer_online/Pods-paraformer_online.release.xcconfig"; sourceTree = "<group>"; };
		1A6C92832A824E2D007E36DC /* macro.h */ = {isa = PBXFileReference; fileEncoding = 4; lastKnownFileType = sourcecode.c.h; path = macro.h; sourceTree = "<group>"; };
		1A7F0C932A2F1F0000A6EEB7 /* paraformer_online.app */ = {isa = PBXFileReference; explicitFileType = wrapper.application; includeInIndex = 0; path = paraformer_online.app; sourceTree = BUILT_PRODUCTS_DIR; };
		1A7F0C962A2F1F0000A6EEB7 /* AppDelegate.h */ = {isa = PBXFileReference; lastKnownFileType = sourcecode.c.h; path = AppDelegate.h; sourceTree = "<group>"; };
		1A7F0C972A2F1F0000A6EEB7 /* AppDelegate.m */ = {isa = PBXFileReference; lastKnownFileType = sourcecode.c.objc; path = AppDelegate.m; sourceTree = "<group>"; };
		1A7F0C992A2F1F0000A6EEB7 /* SceneDelegate.h */ = {isa = PBXFileReference; lastKnownFileType = sourcecode.c.h; path = SceneDelegate.h; sourceTree = "<group>"; };
		1A7F0C9A2A2F1F0000A6EEB7 /* SceneDelegate.m */ = {isa = PBXFileReference; lastKnownFileType = sourcecode.c.objc; path = SceneDelegate.m; sourceTree = "<group>"; };
		1A7F0C9C2A2F1F0000A6EEB7 /* ViewController.h */ = {isa = PBXFileReference; lastKnownFileType = sourcecode.c.h; path = ViewController.h; sourceTree = "<group>"; };
		1A7F0C9D2A2F1F0000A6EEB7 /* ViewController.mm */ = {isa = PBXFileReference; lastKnownFileType = sourcecode.cpp.objcpp; path = ViewController.mm; sourceTree = "<group>"; };
		1A7F0CA02A2F1F0000A6EEB7 /* Base */ = {isa = PBXFileReference; lastKnownFileType = file.storyboard; name = Base; path = Base.lproj/Main.storyboard; sourceTree = "<group>"; };
		1A7F0CA22A2F1F0200A6EEB7 /* Assets.xcassets */ = {isa = PBXFileReference; lastKnownFileType = folder.assetcatalog; path = Assets.xcassets; sourceTree = "<group>"; };
		1A7F0CA52A2F1F0200A6EEB7 /* Base */ = {isa = PBXFileReference; lastKnownFileType = file.storyboard; name = Base; path = Base.lproj/LaunchScreen.storyboard; sourceTree = "<group>"; };
		1A7F0CA72A2F1F0200A6EEB7 /* Info.plist */ = {isa = PBXFileReference; lastKnownFileType = text.plist.xml; path = Info.plist; sourceTree = "<group>"; };
		1A7F0CA82A2F1F0200A6EEB7 /* main.m */ = {isa = PBXFileReference; lastKnownFileType = sourcecode.c.objc; path = main.m; sourceTree = "<group>"; };
		1A7F0D712A2F1F4E00A6EEB7 /* Tensor.h */ = {isa = PBXFileReference; fileEncoding = 4; lastKnownFileType = sourcecode.c.h; path = Tensor.h; sourceTree = "<group>"; };
		1A7F0DB62A2F1FC400A6EEB7 /* Accelerate.framework */ = {isa = PBXFileReference; lastKnownFileType = wrapper.framework; name = Accelerate.framework; path = System/Library/Frameworks/Accelerate.framework; sourceTree = SDKROOT; };
		1A7F0DB82A2F20B900A6EEB7 /* libc++.1.tbd */ = {isa = PBXFileReference; lastKnownFileType = "sourcecode.text-based-dylib-definition"; name = "libc++.1.tbd"; path = "usr/lib/libc++.1.tbd"; sourceTree = SDKROOT; };
		1A7F0DBA2A2F221C00A6EEB7 /* AudioRecorder.h */ = {isa = PBXFileReference; fileEncoding = 4; lastKnownFileType = sourcecode.c.h; path = AudioRecorder.h; sourceTree = "<group>"; };
		1A7F0DBB2A2F221C00A6EEB7 /* AudioCapture.mm */ = {isa = PBXFileReference; fileEncoding = 4; lastKnownFileType = sourcecode.cpp.objcpp; path = AudioCapture.mm; sourceTree = "<group>"; };
		1A7F0DBC2A2F221C00A6EEB7 /* AudioCapture.h */ = {isa = PBXFileReference; fileEncoding = 4; lastKnownFileType = sourcecode.c.h; path = AudioCapture.h; sourceTree = "<group>"; };
		1A7F0DBD2A2F221C00A6EEB7 /* AudioRecorder.m */ = {isa = PBXFileReference; fileEncoding = 4; lastKnownFileType = sourcecode.c.objc; path = AudioRecorder.m; sourceTree = "<group>"; };
		1A7F0DC22A2F312D00A6EEB7 /* model */ = {isa = PBXFileReference; lastKnownFileType = folder; path = model; sourceTree = "<group>"; };
		1A7F0DC42A2F3F7A00A6EEB7 /* Readme.md */ = {isa = PBXFileReference; lastKnownFileType = net.daringfireball.markdown; path = Readme.md; sourceTree = "<group>"; };
		1A7F0E3C2A32FD8300A6EEB7 /* vocab.cpp */ = {isa = PBXFileReference; fileEncoding = 4; lastKnownFileType = sourcecode.cpp.cpp; path = vocab.cpp; sourceTree = "<group>"; };
		1A7F0E3D2A32FD8300A6EEB7 /* vocab.h */ = {isa = PBXFileReference; fileEncoding = 4; lastKnownFileType = sourcecode.c.h; path = vocab.h; sourceTree = "<group>"; };
		1A7F0E442A32FE8F00A6EEB7 /* traits.h */ = {isa = PBXFileReference; fileEncoding = 4; lastKnownFileType = sourcecode.c.h; path = traits.h; sourceTree = "<group>"; };
		1A7F0E452A32FE8F00A6EEB7 /* eventhandler.h */ = {isa = PBXFileReference; fileEncoding = 4; lastKnownFileType = sourcecode.c.h; path = eventhandler.h; sourceTree = "<group>"; };
		1A7F0E462A32FE8F00A6EEB7 /* emitter.h */ = {isa = PBXFileReference; fileEncoding = 4; lastKnownFileType = sourcecode.c.h; path = emitter.h; sourceTree = "<group>"; };
		1A7F0E472A32FE8F00A6EEB7 /* anchor.h */ = {isa = PBXFileReference; fileEncoding = 4; lastKnownFileType = sourcecode.c.h; path = anchor.h; sourceTree = "<group>"; };
		1A7F0E482A32FE8F00A6EEB7 /* mark.h */ = {isa = PBXFileReference; fileEncoding = 4; lastKnownFileType = sourcecode.c.h; path = mark.h; sourceTree = "<group>"; };
		1A7F0E492A32FE8F00A6EEB7 /* emitterdef.h */ = {isa = PBXFileReference; fileEncoding = 4; lastKnownFileType = sourcecode.c.h; path = emitterdef.h; sourceTree = "<group>"; };
		1A7F0E4A2A32FE8F00A6EEB7 /* parser.h */ = {isa = PBXFileReference; fileEncoding = 4; lastKnownFileType = sourcecode.c.h; path = parser.h; sourceTree = "<group>"; };
		1A7F0E4B2A32FE8F00A6EEB7 /* null.h */ = {isa = PBXFileReference; fileEncoding = 4; lastKnownFileType = sourcecode.c.h; path = null.h; sourceTree = "<group>"; };
		1A7F0E4C2A32FE8F00A6EEB7 /* exceptions.h */ = {isa = PBXFileReference; fileEncoding = 4; lastKnownFileType = sourcecode.c.h; path = exceptions.h; sourceTree = "<group>"; };
		1A7F0E4D2A32FE8F00A6EEB7 /* emitterstyle.h */ = {isa = PBXFileReference; fileEncoding = 4; lastKnownFileType = sourcecode.c.h; path = emitterstyle.h; sourceTree = "<group>"; };
		1A7F0E4E2A32FE8F00A6EEB7 /* emittermanip.h */ = {isa = PBXFileReference; fileEncoding = 4; lastKnownFileType = sourcecode.c.h; path = emittermanip.h; sourceTree = "<group>"; };
		1A7F0E4F2A32FE8F00A6EEB7 /* emitfromevents.h */ = {isa = PBXFileReference; fileEncoding = 4; lastKnownFileType = sourcecode.c.h; path = emitfromevents.h; sourceTree = "<group>"; };
		1A7F0E502A32FE8F00A6EEB7 /* dll.h */ = {isa = PBXFileReference; fileEncoding = 4; lastKnownFileType = sourcecode.c.h; path = dll.h; sourceTree = "<group>"; };
		1A7F0E522A32FE8F00A6EEB7 /* graphbuilder.h */ = {isa = PBXFileReference; fileEncoding = 4; lastKnownFileType = sourcecode.c.h; path = graphbuilder.h; sourceTree = "<group>"; };
		1A7F0E532A32FE8F00A6EEB7 /* anchordict.h */ = {isa = PBXFileReference; fileEncoding = 4; lastKnownFileType = sourcecode.c.h; path = anchordict.h; sourceTree = "<group>"; };
		1A7F0E542A32FE8F00A6EEB7 /* noncopyable.h */ = {isa = PBXFileReference; fileEncoding = 4; lastKnownFileType = sourcecode.c.h; path = noncopyable.h; sourceTree = "<group>"; };
		1A7F0E552A32FE8F00A6EEB7 /* yaml.h */ = {isa = PBXFileReference; fileEncoding = 4; lastKnownFileType = sourcecode.c.h; path = yaml.h; sourceTree = "<group>"; };
		1A7F0E572A32FE8F00A6EEB7 /* type.h */ = {isa = PBXFileReference; fileEncoding = 4; lastKnownFileType = sourcecode.c.h; path = type.h; sourceTree = "<group>"; };
		1A7F0E582A32FE8F00A6EEB7 /* parse.h */ = {isa = PBXFileReference; fileEncoding = 4; lastKnownFileType = sourcecode.c.h; path = parse.h; sourceTree = "<group>"; };
		1A7F0E592A32FE8F00A6EEB7 /* node.h */ = {isa = PBXFileReference; fileEncoding = 4; lastKnownFileType = sourcecode.c.h; path = node.h; sourceTree = "<group>"; };
		1A7F0E5B2A32FE8F00A6EEB7 /* node_data.h */ = {isa = PBXFileReference; fileEncoding = 4; lastKnownFileType = sourcecode.c.h; path = node_data.h; sourceTree = "<group>"; };
		1A7F0E5C2A32FE8F00A6EEB7 /* node_ref.h */ = {isa = PBXFileReference; fileEncoding = 4; lastKnownFileType = sourcecode.c.h; path = node_ref.h; sourceTree = "<group>"; };
		1A7F0E5D2A32FE8F00A6EEB7 /* node.h */ = {isa = PBXFileReference; fileEncoding = 4; lastKnownFileType = sourcecode.c.h; path = node.h; sourceTree = "<group>"; };
		1A7F0E5E2A32FE8F00A6EEB7 /* bool_type.h */ = {isa = PBXFileReference; fileEncoding = 4; lastKnownFileType = sourcecode.c.h; path = bool_type.h; sourceTree = "<group>"; };
		1A7F0E5F2A32FE8F00A6EEB7 /* memory.h */ = {isa = PBXFileReference; fileEncoding = 4; lastKnownFileType = sourcecode.c.h; path = memory.h; sourceTree = "<group>"; };
		1A7F0E602A32FE8F00A6EEB7 /* node_iterator.h */ = {isa = PBXFileReference; fileEncoding = 4; lastKnownFileType = sourcecode.c.h; path = node_iterator.h; sourceTree = "<group>"; };
		1A7F0E612A32FE8F00A6EEB7 /* impl.h */ = {isa = PBXFileReference; fileEncoding = 4; lastKnownFileType = sourcecode.c.h; path = impl.h; sourceTree = "<group>"; };
		1A7F0E622A32FE8F00A6EEB7 /* iterator_fwd.h */ = {isa = PBXFileReference; fileEncoding = 4; lastKnownFileType = sourcecode.c.h; path = iterator_fwd.h; sourceTree = "<group>"; };
		1A7F0E632A32FE8F00A6EEB7 /* iterator.h */ = {isa = PBXFileReference; fileEncoding = 4; lastKnownFileType = sourcecode.c.h; path = iterator.h; sourceTree = "<group>"; };
		1A7F0E642A32FE8F00A6EEB7 /* ptr.h */ = {isa = PBXFileReference; fileEncoding = 4; lastKnownFileType = sourcecode.c.h; path = ptr.h; sourceTree = "<group>"; };
		1A7F0E652A32FE8F00A6EEB7 /* convert.h */ = {isa = PBXFileReference; fileEncoding = 4; lastKnownFileType = sourcecode.c.h; path = convert.h; sourceTree = "<group>"; };
		1A7F0E662A32FE8F00A6EEB7 /* impl.h */ = {isa = PBXFileReference; fileEncoding = 4; lastKnownFileType = sourcecode.c.h; path = impl.h; sourceTree = "<group>"; };
		1A7F0E672A32FE8F00A6EEB7 /* emit.h */ = {isa = PBXFileReference; fileEncoding = 4; lastKnownFileType = sourcecode.c.h; path = emit.h; sourceTree = "<group>"; };
		1A7F0E682A32FE8F00A6EEB7 /* iterator.h */ = {isa = PBXFileReference; fileEncoding = 4; lastKnownFileType = sourcecode.c.h; path = iterator.h; sourceTree = "<group>"; };
		1A7F0E692A32FE8F00A6EEB7 /* ostream_wrapper.h */ = {isa = PBXFileReference; fileEncoding = 4; lastKnownFileType = sourcecode.c.h; path = ostream_wrapper.h; sourceTree = "<group>"; };
		1A7F0E6A2A32FE8F00A6EEB7 /* stlemitter.h */ = {isa = PBXFileReference; fileEncoding = 4; lastKnownFileType = sourcecode.c.h; path = stlemitter.h; sourceTree = "<group>"; };
		1A7F0E6B2A32FE8F00A6EEB7 /* binary.h */ = {isa = PBXFileReference; fileEncoding = 4; lastKnownFileType = sourcecode.c.h; path = binary.h; sourceTree = "<group>"; };
		1A7F0E712A32FE8F00A6EEB7 /* scanscalar.h */ = {isa = PBXFileReference; fileEncoding = 4; lastKnownFileType = sourcecode.c.h; path = scanscalar.h; sourceTree = "<group>"; };
		1A7F0E722A32FE8F00A6EEB7 /* exceptions.cpp */ = {isa = PBXFileReference; fileEncoding = 4; lastKnownFileType = sourcecode.cpp.cpp; path = exceptions.cpp; sourceTree = "<group>"; };
		1A7F0E732A32FE8F00A6EEB7 /* memory.cpp */ = {isa = PBXFileReference; fileEncoding = 4; lastKnownFileType = sourcecode.cpp.cpp; path = memory.cpp; sourceTree = "<group>"; };
		1A7F0E742A32FE8F00A6EEB7 /* scantag.h */ = {isa = PBXFileReference; fileEncoding = 4; lastKnownFileType = sourcecode.c.h; path = scantag.h; sourceTree = "<group>"; };
		1A7F0E752A32FE8F00A6EEB7 /* regeximpl.h */ = {isa = PBXFileReference; fileEncoding = 4; lastKnownFileType = sourcecode.c.h; path = regeximpl.h; sourceTree = "<group>"; };
		1A7F0E762A32FE8F00A6EEB7 /* ostream_wrapper.cpp */ = {isa = PBXFileReference; fileEncoding = 4; lastKnownFileType = sourcecode.cpp.cpp; path = ostream_wrapper.cpp; sourceTree = "<group>"; };
		1A7F0E772A32FE8F00A6EEB7 /* tag.h */ = {isa = PBXFileReference; fileEncoding = 4; lastKnownFileType = sourcecode.c.h; path = tag.h; sourceTree = "<group>"; };
		1A7F0E782A32FE8F00A6EEB7 /* emitfromevents.cpp */ = {isa = PBXFileReference; fileEncoding = 4; lastKnownFileType = sourcecode.cpp.cpp; path = emitfromevents.cpp; sourceTree = "<group>"; };
		1A7F0E792A32FE8F00A6EEB7 /* simplekey.cpp */ = {isa = PBXFileReference; fileEncoding = 4; lastKnownFileType = sourcecode.cpp.cpp; path = simplekey.cpp; sourceTree = "<group>"; };
		1A7F0E7A2A32FE8F00A6EEB7 /* parse.cpp */ = {isa = PBXFileReference; fileEncoding = 4; lastKnownFileType = sourcecode.cpp.cpp; path = parse.cpp; sourceTree = "<group>"; };
		1A7F0E7B2A32FE8F00A6EEB7 /* indentation.h */ = {isa = PBXFileReference; fileEncoding = 4; lastKnownFileType = sourcecode.c.h; path = indentation.h; sourceTree = "<group>"; };
		1A7F0E7C2A32FE8F00A6EEB7 /* emitter.cpp */ = {isa = PBXFileReference; fileEncoding = 4; lastKnownFileType = sourcecode.cpp.cpp; path = emitter.cpp; sourceTree = "<group>"; };
		1A7F0E7D2A32FE8F00A6EEB7 /* nodeevents.h */ = {isa = PBXFileReference; fileEncoding = 4; lastKnownFileType = sourcecode.c.h; path = nodeevents.h; sourceTree = "<group>"; };
		1A7F0E7E2A32FE8F00A6EEB7 /* convert.cpp */ = {isa = PBXFileReference; fileEncoding = 4; lastKnownFileType = sourcecode.cpp.cpp; path = convert.cpp; sourceTree = "<group>"; };
		1A7F0E7F2A32FE8F00A6EEB7 /* regex_yaml.cpp */ = {isa = PBXFileReference; fileEncoding = 4; lastKnownFileType = sourcecode.cpp.cpp; path = regex_yaml.cpp; sourceTree = "<group>"; };
		1A7F0E802A32FE8F00A6EEB7 /* scanscalar.cpp */ = {isa = PBXFileReference; fileEncoding = 4; lastKnownFileType = sourcecode.cpp.cpp; path = scanscalar.cpp; sourceTree = "<group>"; };
		1A7F0E812A32FE8F00A6EEB7 /* exp.cpp */ = {isa = PBXFileReference; fileEncoding = 4; lastKnownFileType = sourcecode.cpp.cpp; path = exp.cpp; sourceTree = "<group>"; };
		1A7F0E822A32FE8F00A6EEB7 /* null.cpp */ = {isa = PBXFileReference; fileEncoding = 4; lastKnownFileType = sourcecode.cpp.cpp; path = null.cpp; sourceTree = "<group>"; };
		1A7F0E832A32FE8F00A6EEB7 /* node.cpp */ = {isa = PBXFileReference; fileEncoding = 4; lastKnownFileType = sourcecode.cpp.cpp; path = node.cpp; sourceTree = "<group>"; };
		1A7F0E842A32FE8F00A6EEB7 /* singledocparser.cpp */ = {isa = PBXFileReference; fileEncoding = 4; lastKnownFileType = sourcecode.cpp.cpp; path = singledocparser.cpp; sourceTree = "<group>"; };
		1A7F0E852A32FE8F00A6EEB7 /* emitterutils.h */ = {isa = PBXFileReference; fileEncoding = 4; lastKnownFileType = sourcecode.c.h; path = emitterutils.h; sourceTree = "<group>"; };
		1A7F0E862A32FE8F00A6EEB7 /* binary.cpp */ = {isa = PBXFileReference; fileEncoding = 4; lastKnownFileType = sourcecode.cpp.cpp; path = binary.cpp; sourceTree = "<group>"; };
		1A7F0E872A32FE8F00A6EEB7 /* stream.h */ = {isa = PBXFileReference; fileEncoding = 4; lastKnownFileType = sourcecode.c.h; path = stream.h; sourceTree = "<group>"; };
		1A7F0E882A32FE8F00A6EEB7 /* nodeevents.cpp */ = {isa = PBXFileReference; fileEncoding = 4; lastKnownFileType = sourcecode.cpp.cpp; path = nodeevents.cpp; sourceTree = "<group>"; };
		1A7F0E8A2A32FE8F00A6EEB7 /* graphbuilderadapter.cpp */ = {isa = PBXFileReference; fileEncoding = 4; lastKnownFileType = sourcecode.cpp.cpp; path = graphbuilderadapter.cpp; sourceTree = "<group>"; };
		1A7F0E8B2A32FE8F00A6EEB7 /* graphbuilder.cpp */ = {isa = PBXFileReference; fileEncoding = 4; lastKnownFileType = sourcecode.cpp.cpp; path = graphbuilder.cpp; sourceTree = "<group>"; };
		1A7F0E8C2A32FE8F00A6EEB7 /* graphbuilderadapter.h */ = {isa = PBXFileReference; fileEncoding = 4; lastKnownFileType = sourcecode.c.h; path = graphbuilderadapter.h; sourceTree = "<group>"; };
		1A7F0E8D2A32FE8F00A6EEB7 /* nodebuilder.h */ = {isa = PBXFileReference; fileEncoding = 4; lastKnownFileType = sourcecode.c.h; path = nodebuilder.h; sourceTree = "<group>"; };
		1A7F0E8E2A32FE8F00A6EEB7 /* scanner.cpp */ = {isa = PBXFileReference; fileEncoding = 4; lastKnownFileType = sourcecode.cpp.cpp; path = scanner.cpp; sourceTree = "<group>"; };
		1A7F0E8F2A32FE8F00A6EEB7 /* emit.cpp */ = {isa = PBXFileReference; fileEncoding = 4; lastKnownFileType = sourcecode.cpp.cpp; path = emit.cpp; sourceTree = "<group>"; };
		1A7F0E902A32FE8F00A6EEB7 /* tag.cpp */ = {isa = PBXFileReference; fileEncoding = 4; lastKnownFileType = sourcecode.cpp.cpp; path = tag.cpp; sourceTree = "<group>"; };
		1A7F0E912A32FE8F00A6EEB7 /* streamcharsource.h */ = {isa = PBXFileReference; fileEncoding = 4; lastKnownFileType = sourcecode.c.h; path = streamcharsource.h; sourceTree = "<group>"; };
		1A7F0E922A32FE8F00A6EEB7 /* stringsource.h */ = {isa = PBXFileReference; fileEncoding = 4; lastKnownFileType = sourcecode.c.h; path = stringsource.h; sourceTree = "<group>"; };
		1A7F0E932A32FE8F00A6EEB7 /* emitterutils.cpp */ = {isa = PBXFileReference; fileEncoding = 4; lastKnownFileType = sourcecode.cpp.cpp; path = emitterutils.cpp; sourceTree = "<group>"; };
		1A7F0E942A32FE8F00A6EEB7 /* scanner.h */ = {isa = PBXFileReference; fileEncoding = 4; lastKnownFileType = sourcecode.c.h; path = scanner.h; sourceTree = "<group>"; };
		1A7F0E952A32FE8F00A6EEB7 /* stream.cpp */ = {isa = PBXFileReference; fileEncoding = 4; lastKnownFileType = sourcecode.cpp.cpp; path = stream.cpp; sourceTree = "<group>"; };
		1A7F0E962A32FE8F00A6EEB7 /* scantag.cpp */ = {isa = PBXFileReference; fileEncoding = 4; lastKnownFileType = sourcecode.cpp.cpp; path = scantag.cpp; sourceTree = "<group>"; };
		1A7F0E972A32FE8F00A6EEB7 /* scantoken.cpp */ = {isa = PBXFileReference; fileEncoding = 4; lastKnownFileType = sourcecode.cpp.cpp; path = scantoken.cpp; sourceTree = "<group>"; };
		1A7F0E982A32FE8F00A6EEB7 /* emitterstate.h */ = {isa = PBXFileReference; fileEncoding = 4; lastKnownFileType = sourcecode.c.h; path = emitterstate.h; sourceTree = "<group>"; };
		1A7F0E992A32FE8F00A6EEB7 /* nodebuilder.cpp */ = {isa = PBXFileReference; fileEncoding = 4; lastKnownFileType = sourcecode.cpp.cpp; path = nodebuilder.cpp; sourceTree = "<group>"; };
		1A7F0E9A2A32FE8F00A6EEB7 /* collectionstack.h */ = {isa = PBXFileReference; fileEncoding = 4; lastKnownFileType = sourcecode.c.h; path = collectionstack.h; sourceTree = "<group>"; };
		1A7F0E9B2A32FE8F00A6EEB7 /* directives.cpp */ = {isa = PBXFileReference; fileEncoding = 4; lastKnownFileType = sourcecode.cpp.cpp; path = directives.cpp; sourceTree = "<group>"; };
		1A7F0E9C2A32FE8F00A6EEB7 /* ptr_vector.h */ = {isa = PBXFileReference; fileEncoding = 4; lastKnownFileType = sourcecode.c.h; path = ptr_vector.h; sourceTree = "<group>"; };
		1A7F0E9D2A32FE8F00A6EEB7 /* singledocparser.h */ = {isa = PBXFileReference; fileEncoding = 4; lastKnownFileType = sourcecode.c.h; path = singledocparser.h; sourceTree = "<group>"; };
		1A7F0E9E2A32FE8F00A6EEB7 /* exp.h */ = {isa = PBXFileReference; fileEncoding = 4; lastKnownFileType = sourcecode.c.h; path = exp.h; sourceTree = "<group>"; };
		1A7F0E9F2A32FE8F00A6EEB7 /* token.h */ = {isa = PBXFileReference; fileEncoding = 4; lastKnownFileType = sourcecode.c.h; path = token.h; sourceTree = "<group>"; };
		1A7F0EA02A32FE8F00A6EEB7 /* regex_yaml.h */ = {isa = PBXFileReference; fileEncoding = 4; lastKnownFileType = sourcecode.c.h; path = regex_yaml.h; sourceTree = "<group>"; };
		1A7F0EA12A32FE8F00A6EEB7 /* node_data.cpp */ = {isa = PBXFileReference; fileEncoding = 4; lastKnownFileType = sourcecode.cpp.cpp; path = node_data.cpp; sourceTree = "<group>"; };
		1A7F0EA22A32FE8F00A6EEB7 /* emitterstate.cpp */ = {isa = PBXFileReference; fileEncoding = 4; lastKnownFileType = sourcecode.cpp.cpp; path = emitterstate.cpp; sourceTree = "<group>"; };
		1A7F0EA32A32FE8F00A6EEB7 /* parser.cpp */ = {isa = PBXFileReference; fileEncoding = 4; lastKnownFileType = sourcecode.cpp.cpp; path = parser.cpp; sourceTree = "<group>"; };
		1A7F0EA42A32FE8F00A6EEB7 /* setting.h */ = {isa = PBXFileReference; fileEncoding = 4; lastKnownFileType = sourcecode.c.h; path = setting.h; sourceTree = "<group>"; };
		1A7F0EA52A32FE8F00A6EEB7 /* directives.h */ = {isa = PBXFileReference; fileEncoding = 4; lastKnownFileType = sourcecode.c.h; path = directives.h; sourceTree = "<group>"; };
		1AA443282A7B9E7700CD9E2E /* paraformer.cpp */ = {isa = PBXFileReference; fileEncoding = 4; lastKnownFileType = sourcecode.cpp.cpp; path = paraformer.cpp; sourceTree = "<group>"; };
		1AA443292A7B9E7700CD9E2E /* paraformer-online.h */ = {isa = PBXFileReference; fileEncoding = 4; lastKnownFileType = sourcecode.c.h; path = "paraformer-online.h"; sourceTree = "<group>"; };
		1AA4432A2A7B9E7700CD9E2E /* predefine-coe.h */ = {isa = PBXFileReference; fileEncoding = 4; lastKnownFileType = sourcecode.c.h; path = "predefine-coe.h"; sourceTree = "<group>"; };
		1AA4432B2A7B9E7700CD9E2E /* resample.h */ = {isa = PBXFileReference; fileEncoding = 4; lastKnownFileType = sourcecode.c.h; path = resample.h; sourceTree = "<group>"; };
		1AA4432C2A7B9E7700CD9E2E /* fsmn-vad.h */ = {isa = PBXFileReference; fileEncoding = 4; lastKnownFileType = sourcecode.c.h; path = "fsmn-vad.h"; sourceTree = "<group>"; };
		1AA443302A7B9E7700CD9E2E /* feature-fbank.cc */ = {isa = PBXFileReference; fileEncoding = 4; lastKnownFileType = sourcecode.cpp.cpp; path = "feature-fbank.cc"; sourceTree = "<group>"; };
		1AA443312A7B9E7700CD9E2E /* feature-functions.h */ = {isa = PBXFileReference; fileEncoding = 4; lastKnownFileType = sourcecode.c.h; path = "feature-functions.h"; sourceTree = "<group>"; };
		1AA443322A7B9E7700CD9E2E /* online-feature.cc */ = {isa = PBXFileReference; fileEncoding = 4; lastKnownFileType = sourcecode.cpp.cpp; path = "online-feature.cc"; sourceTree = "<group>"; };
		1AA443342A7B9E7700CD9E2E /* online-feature.h */ = {isa = PBXFileReference; fileEncoding = 4; lastKnownFileType = sourcecode.c.h; path = "online-feature.h"; sourceTree = "<group>"; };
		1AA443382A7B9E7700CD9E2E /* feature-fbank.h */ = {isa = PBXFileReference; fileEncoding = 4; lastKnownFileType = sourcecode.c.h; path = "feature-fbank.h"; sourceTree = "<group>"; };
		1AA443392A7B9E7700CD9E2E /* rfft.cc */ = {isa = PBXFileReference; fileEncoding = 4; lastKnownFileType = sourcecode.cpp.cpp; path = rfft.cc; sourceTree = "<group>"; };
		1AA4433B2A7B9E7700CD9E2E /* feature-window.cc */ = {isa = PBXFileReference; fileEncoding = 4; lastKnownFileType = sourcecode.cpp.cpp; path = "feature-window.cc"; sourceTree = "<group>"; };
		1AA4433C2A7B9E7700CD9E2E /* log.h */ = {isa = PBXFileReference; fileEncoding = 4; lastKnownFileType = sourcecode.c.h; path = log.h; sourceTree = "<group>"; };
		1AA4433D2A7B9E7700CD9E2E /* mel-computations.cc */ = {isa = PBXFileReference; fileEncoding = 4; lastKnownFileType = sourcecode.cpp.cpp; path = "mel-computations.cc"; sourceTree = "<group>"; };
		1AA4433E2A7B9E7700CD9E2E /* rfft.h */ = {isa = PBXFileReference; fileEncoding = 4; lastKnownFileType = sourcecode.c.h; path = rfft.h; sourceTree = "<group>"; };
		1AA4433F2A7B9E7700CD9E2E /* fftsg.c */ = {isa = PBXFileReference; fileEncoding = 4; lastKnownFileType = sourcecode.c.c; path = fftsg.c; sourceTree = "<group>"; };
		1AA443412A7B9E7700CD9E2E /* feature-functions.cc */ = {isa = PBXFileReference; fileEncoding = 4; lastKnownFileType = sourcecode.cpp.cpp; path = "feature-functions.cc"; sourceTree = "<group>"; };
		1AA443422A7B9E7700CD9E2E /* feature-window.h */ = {isa = PBXFileReference; fileEncoding = 4; lastKnownFileType = sourcecode.c.h; path = "feature-window.h"; sourceTree = "<group>"; };
		1AA443432A7B9E7700CD9E2E /* mel-computations.h */ = {isa = PBXFileReference; fileEncoding = 4; lastKnownFileType = sourcecode.c.h; path = "mel-computations.h"; sourceTree = "<group>"; };
		1AA443442A7B9E7700CD9E2E /* log.cc */ = {isa = PBXFileReference; fileEncoding = 4; lastKnownFileType = sourcecode.cpp.cpp; path = log.cc; sourceTree = "<group>"; };
		1AA443502A7B9E7700CD9E2E /* ct-transformer-online.cpp */ = {isa = PBXFileReference; fileEncoding = 4; lastKnownFileType = sourcecode.cpp.cpp; path = "ct-transformer-online.cpp"; sourceTree = "<group>"; };
		1AA443512A7B9E7700CD9E2E /* alignedmem.h */ = {isa = PBXFileReference; fileEncoding = 4; lastKnownFileType = sourcecode.c.h; path = alignedmem.h; sourceTree = "<group>"; };
		1AA443532A7B9E7700CD9E2E /* fsmn-vad.cpp */ = {isa = PBXFileReference; fileEncoding = 4; lastKnownFileType = sourcecode.cpp.cpp; path = "fsmn-vad.cpp"; sourceTree = "<group>"; };
		1AA443542A7B9E7700CD9E2E /* fsmn-vad-online.h */ = {isa = PBXFileReference; fileEncoding = 4; lastKnownFileType = sourcecode.c.h; path = "fsmn-vad-online.h"; sourceTree = "<group>"; };
		1AA443552A7B9E7700CD9E2E /* precomp.h */ = {isa = PBXFileReference; fileEncoding = 4; lastKnownFileType = sourcecode.c.h; path = precomp.h; sourceTree = "<group>"; };
		1AA443562A7B9E7700CD9E2E /* com-define.h */ = {isa = PBXFileReference; fileEncoding = 4; lastKnownFileType = sourcecode.c.h; path = "com-define.h"; sourceTree = "<group>"; };
		1AA443582A7B9E7700CD9E2E /* resample.cpp */ = {isa = PBXFileReference; fileEncoding = 4; lastKnownFileType = sourcecode.cpp.cpp; path = resample.cpp; sourceTree = "<group>"; };
		1AA443592A7B9E7700CD9E2E /* funasrruntime.h */ = {isa = PBXFileReference; fileEncoding = 4; lastKnownFileType = sourcecode.c.h; path = funasrruntime.h; sourceTree = "<group>"; };
		1AA4435A2A7B9E7700CD9E2E /* audio.cpp */ = {isa = PBXFileReference; fileEncoding = 4; lastKnownFileType = sourcecode.cpp.cpp; path = audio.cpp; sourceTree = "<group>"; };
		1AA4435B2A7B9E7700CD9E2E /* audio.h */ = {isa = PBXFileReference; fileEncoding = 4; lastKnownFileType = sourcecode.c.h; path = audio.h; sourceTree = "<group>"; };
		1AA4435C2A7B9E7700CD9E2E /* tokenizer.h */ = {isa = PBXFileReference; fileEncoding = 4; lastKnownFileType = sourcecode.c.h; path = tokenizer.h; sourceTree = "<group>"; };
		1AA4435D2A7B9E7700CD9E2E /* punc-model.h */ = {isa = PBXFileReference; fileEncoding = 4; lastKnownFileType = sourcecode.c.h; path = "punc-model.h"; sourceTree = "<group>"; };
		1AA4435E2A7B9E7700CD9E2E /* tokenizer.cpp */ = {isa = PBXFileReference; fileEncoding = 4; lastKnownFileType = sourcecode.cpp.cpp; path = tokenizer.cpp; sourceTree = "<group>"; };
		1AA4435F2A7B9E7700CD9E2E /* ct-transformer-online.h */ = {isa = PBXFileReference; fileEncoding = 4; lastKnownFileType = sourcecode.c.h; path = "ct-transformer-online.h"; sourceTree = "<group>"; };
		1AA443612A7B9E7700CD9E2E /* offline-stream.cpp */ = {isa = PBXFileReference; fileEncoding = 4; lastKnownFileType = sourcecode.cpp.cpp; path = "offline-stream.cpp"; sourceTree = "<group>"; };
		1AA443622A7B9E7700CD9E2E /* alignedmem.cpp */ = {isa = PBXFileReference; fileEncoding = 4; lastKnownFileType = sourcecode.cpp.cpp; path = alignedmem.cpp; sourceTree = "<group>"; };
		1AA443632A7B9E7700CD9E2E /* fsmn-vad-online.cpp */ = {isa = PBXFileReference; fileEncoding = 4; lastKnownFileType = sourcecode.cpp.cpp; path = "fsmn-vad-online.cpp"; sourceTree = "<group>"; };
		1AA443642A7B9E7700CD9E2E /* common-struct.h */ = {isa = PBXFileReference; fileEncoding = 4; lastKnownFileType = sourcecode.c.h; path = "common-struct.h"; sourceTree = "<group>"; };
		1AA443652A7B9E7700CD9E2E /* util.h */ = {isa = PBXFileReference; fileEncoding = 4; lastKnownFileType = sourcecode.c.h; path = util.h; sourceTree = "<group>"; };
		1AA443662A7B9E7700CD9E2E /* e2e-vad.h */ = {isa = PBXFileReference; fileEncoding = 4; lastKnownFileType = sourcecode.c.h; path = "e2e-vad.h"; sourceTree = "<group>"; };
		1AA443672A7B9E7700CD9E2E /* ct-transformer.cpp */ = {isa = PBXFileReference; fileEncoding = 4; lastKnownFileType = sourcecode.cpp.cpp; path = "ct-transformer.cpp"; sourceTree = "<group>"; };
		1AA443682A7B9E7700CD9E2E /* model.h */ = {isa = PBXFileReference; fileEncoding = 4; lastKnownFileType = sourcecode.c.h; path = model.h; sourceTree = "<group>"; };
		1AA443692A7B9E7700CD9E2E /* model.cpp */ = {isa = PBXFileReference; fileEncoding = 4; lastKnownFileType = sourcecode.cpp.cpp; path = model.cpp; sourceTree = "<group>"; };
		1AA4436A2A7B9E7700CD9E2E /* paraformer.h */ = {isa = PBXFileReference; fileEncoding = 4; lastKnownFileType = sourcecode.c.h; path = paraformer.h; sourceTree = "<group>"; };
		1AA4436B2A7B9E7700CD9E2E /* util.cpp */ = {isa = PBXFileReference; fileEncoding = 4; lastKnownFileType = sourcecode.cpp.cpp; path = util.cpp; sourceTree = "<group>"; };
		1AA4436C2A7B9E7700CD9E2E /* commonfunc.h */ = {isa = PBXFileReference; fileEncoding = 4; lastKnownFileType = sourcecode.c.h; path = commonfunc.h; sourceTree = "<group>"; };
		1AA4436D2A7B9E7700CD9E2E /* funasrruntime.cpp */ = {isa = PBXFileReference; fileEncoding = 4; lastKnownFileType = sourcecode.cpp.cpp; path = funasrruntime.cpp; sourceTree = "<group>"; };
		1AA4436E2A7B9E7700CD9E2E /* offline-stream.h */ = {isa = PBXFileReference; fileEncoding = 4; lastKnownFileType = sourcecode.c.h; path = "offline-stream.h"; sourceTree = "<group>"; };
		1AA4436F2A7B9E7700CD9E2E /* vad-model.h */ = {isa = PBXFileReference; fileEncoding = 4; lastKnownFileType = sourcecode.c.h; path = "vad-model.h"; sourceTree = "<group>"; };
		1AA443702A7B9E7700CD9E2E /* paraformer-online.cpp */ = {isa = PBXFileReference; fileEncoding = 4; lastKnownFileType = sourcecode.cpp.cpp; path = "paraformer-online.cpp"; sourceTree = "<group>"; };
		1AA443722A7B9E7700CD9E2E /* punc-model.cpp */ = {isa = PBXFileReference; fileEncoding = 4; lastKnownFileType = sourcecode.cpp.cpp; path = "punc-model.cpp"; sourceTree = "<group>"; };
		1AA443732A7B9E7700CD9E2E /* ct-transformer.h */ = {isa = PBXFileReference; fileEncoding = 4; lastKnownFileType = sourcecode.c.h; path = "ct-transformer.h"; sourceTree = "<group>"; };
		1AA443742A7B9E7700CD9E2E /* vad-model.cpp */ = {isa = PBXFileReference; fileEncoding = 4; lastKnownFileType = sourcecode.cpp.cpp; path = "vad-model.cpp"; sourceTree = "<group>"; };
		B9ED2A36675364C815C03C96 /* Pods-paraformer_online.debug.xcconfig */ = {isa = PBXFileReference; includeInIndex = 1; lastKnownFileType = text.xcconfig; name = "Pods-paraformer_online.debug.xcconfig"; path = "Target Support Files/Pods-paraformer_online/Pods-paraformer_online.debug.xcconfig"; sourceTree = "<group>"; };
		EA7D0713E60886A787BAA0EA /* Pods_paraformer_online.framework */ = {isa = PBXFileReference; explicitFileType = wrapper.framework; includeInIndex = 0; path = Pods_paraformer_online.framework; sourceTree = BUILT_PRODUCTS_DIR; };
/* End PBXFileReference section */

/* Begin PBXFrameworksBuildPhase section */
		1A7F0C902A2F1F0000A6EEB7 /* Frameworks */ = {
			isa = PBXFrameworksBuildPhase;
			buildActionMask = 2147483647;
			files = (
				1A7F0DB92A2F20B900A6EEB7 /* libc++.1.tbd in Frameworks */,
				1A7F0DB72A2F1FC400A6EEB7 /* Accelerate.framework in Frameworks */,
				59C4114F365C8D714BD515FB /* Pods_paraformer_online.framework in Frameworks */,
			);
			runOnlyForDeploymentPostprocessing = 0;
		};
/* End PBXFrameworksBuildPhase section */

/* Begin PBXGroup section */
		1A7F0C8A2A2F1F0000A6EEB7 = {
			isa = PBXGroup;
			children = (
				1A7F0C952A2F1F0000A6EEB7 /* paraformer_online */,
				1A7F0C942A2F1F0000A6EEB7 /* Products */,
				1A7F0DB52A2F1FC400A6EEB7 /* Frameworks */,
				1F202C29EAE1D21FD07F8024 /* Pods */,
			);
			sourceTree = "<group>";
		};
		1A7F0C942A2F1F0000A6EEB7 /* Products */ = {
			isa = PBXGroup;
			children = (
				1A7F0C932A2F1F0000A6EEB7 /* paraformer_online.app */,
			);
			name = Products;
			sourceTree = "<group>";
		};
		1A7F0C952A2F1F0000A6EEB7 /* paraformer_online */ = {
			isa = PBXGroup;
			children = (
				1A7F0DC22A2F312D00A6EEB7 /* model */,
				1A7F0CAF2A2F1F1900A6EEB7 /* src */,
				1A7F0C962A2F1F0000A6EEB7 /* AppDelegate.h */,
				1A7F0C972A2F1F0000A6EEB7 /* AppDelegate.m */,
				1A7F0C992A2F1F0000A6EEB7 /* SceneDelegate.h */,
				1A7F0C9A2A2F1F0000A6EEB7 /* SceneDelegate.m */,
				1A7F0C9C2A2F1F0000A6EEB7 /* ViewController.h */,
				1A7F0C9D2A2F1F0000A6EEB7 /* ViewController.mm */,
				1A7F0DBC2A2F221C00A6EEB7 /* AudioCapture.h */,
				1A7F0DBB2A2F221C00A6EEB7 /* AudioCapture.mm */,
				1A7F0DBA2A2F221C00A6EEB7 /* AudioRecorder.h */,
				1A7F0DBD2A2F221C00A6EEB7 /* AudioRecorder.m */,
				1A7F0C9F2A2F1F0000A6EEB7 /* Main.storyboard */,
				1A7F0CA22A2F1F0200A6EEB7 /* Assets.xcassets */,
				1A7F0CA42A2F1F0200A6EEB7 /* LaunchScreen.storyboard */,
				1A7F0CA72A2F1F0200A6EEB7 /* Info.plist */,
				1A7F0CA82A2F1F0200A6EEB7 /* main.m */,
				1A7F0DC42A2F3F7A00A6EEB7 /* Readme.md */,
			);
			path = paraformer_online;
			sourceTree = "<group>";
		};
		1A7F0CAF2A2F1F1900A6EEB7 /* src */ = {
			isa = PBXGroup;
			children = (
				1A7F0E3F2A32FE6800A6EEB7 /* third_party */,
				1A7F0D432A2F1F4E00A6EEB7 /* lib */,
			);
			path = src;
			sourceTree = "<group>";
		};
		1A7F0D432A2F1F4E00A6EEB7 /* lib */ = {
			isa = PBXGroup;
			children = (
				1A7F0D4F2A2F1F4E00A6EEB7 /* paraformer_online */,
			);
			path = lib;
			sourceTree = "<group>";
		};
		1A7F0D4F2A2F1F4E00A6EEB7 /* paraformer_online */ = {
			isa = PBXGroup;
			children = (
				1AA443622A7B9E7700CD9E2E /* alignedmem.cpp */,
				1AA443512A7B9E7700CD9E2E /* alignedmem.h */,
				1AA4435A2A7B9E7700CD9E2E /* audio.cpp */,
				1AA4435B2A7B9E7700CD9E2E /* audio.h */,
				1AA443562A7B9E7700CD9E2E /* com-define.h */,
				1AA443642A7B9E7700CD9E2E /* common-struct.h */,
				1AA4436C2A7B9E7700CD9E2E /* commonfunc.h */,
				1AA443502A7B9E7700CD9E2E /* ct-transformer-online.cpp */,
				1AA4435F2A7B9E7700CD9E2E /* ct-transformer-online.h */,
				1AA443672A7B9E7700CD9E2E /* ct-transformer.cpp */,
				1AA443732A7B9E7700CD9E2E /* ct-transformer.h */,
				1AA443662A7B9E7700CD9E2E /* e2e-vad.h */,
				1AA443632A7B9E7700CD9E2E /* fsmn-vad-online.cpp */,
				1AA443542A7B9E7700CD9E2E /* fsmn-vad-online.h */,
				1AA443532A7B9E7700CD9E2E /* fsmn-vad.cpp */,
				1AA4432C2A7B9E7700CD9E2E /* fsmn-vad.h */,
				1AA4436D2A7B9E7700CD9E2E /* funasrruntime.cpp */,
				1AA443592A7B9E7700CD9E2E /* funasrruntime.h */,
				1A6C92832A824E2D007E36DC /* macro.h */,
				1AA443692A7B9E7700CD9E2E /* model.cpp */,
				1AA443682A7B9E7700CD9E2E /* model.h */,
				1AA443612A7B9E7700CD9E2E /* offline-stream.cpp */,
				1AA4436E2A7B9E7700CD9E2E /* offline-stream.h */,
				1AA443702A7B9E7700CD9E2E /* paraformer-online.cpp */,
				1AA443292A7B9E7700CD9E2E /* paraformer-online.h */,
				1AA443282A7B9E7700CD9E2E /* paraformer.cpp */,
				1AA4436A2A7B9E7700CD9E2E /* paraformer.h */,
				1AA443552A7B9E7700CD9E2E /* precomp.h */,
				1AA4432A2A7B9E7700CD9E2E /* predefine-coe.h */,
				1AA443722A7B9E7700CD9E2E /* punc-model.cpp */,
				1AA4435D2A7B9E7700CD9E2E /* punc-model.h */,
				1AA443582A7B9E7700CD9E2E /* resample.cpp */,
				1AA4432B2A7B9E7700CD9E2E /* resample.h */,
				1A7F0D712A2F1F4E00A6EEB7 /* Tensor.h */,
				1AA4435E2A7B9E7700CD9E2E /* tokenizer.cpp */,
				1AA4435C2A7B9E7700CD9E2E /* tokenizer.h */,
				1AA4436B2A7B9E7700CD9E2E /* util.cpp */,
				1AA443652A7B9E7700CD9E2E /* util.h */,
				1AA443742A7B9E7700CD9E2E /* vad-model.cpp */,
				1AA4436F2A7B9E7700CD9E2E /* vad-model.h */,
				1A7F0E3C2A32FD8300A6EEB7 /* vocab.cpp */,
				1A7F0E3D2A32FD8300A6EEB7 /* vocab.h */,
			);
			path = paraformer_online;
			sourceTree = "<group>";
		};
		1A7F0DB52A2F1FC400A6EEB7 /* Frameworks */ = {
			isa = PBXGroup;
			children = (
				1A7F0DB82A2F20B900A6EEB7 /* libc++.1.tbd */,
				1A7F0DB62A2F1FC400A6EEB7 /* Accelerate.framework */,
				EA7D0713E60886A787BAA0EA /* Pods_paraformer_online.framework */,
			);
			name = Frameworks;
			sourceTree = "<group>";
		};
		1A7F0E3F2A32FE6800A6EEB7 /* third_party */ = {
			isa = PBXGroup;
			children = (
				1AA4432D2A7B9E7700CD9E2E /* kaldi-native-fbank */,
				1A7F0E402A32FE8F00A6EEB7 /* yaml-cpp */,
			);
			path = third_party;
			sourceTree = "<group>";
		};
		1A7F0E402A32FE8F00A6EEB7 /* yaml-cpp */ = {
			isa = PBXGroup;
			children = (
				1A7F0E422A32FE8F00A6EEB7 /* include */,
				1A7F0E702A32FE8F00A6EEB7 /* src */,
			);
			path = "yaml-cpp";
			sourceTree = "<group>";
		};
		1A7F0E422A32FE8F00A6EEB7 /* include */ = {
			isa = PBXGroup;
			children = (
				1A7F0E432A32FE8F00A6EEB7 /* yaml-cpp */,
			);
			path = include;
			sourceTree = "<group>";
		};
		1A7F0E432A32FE8F00A6EEB7 /* yaml-cpp */ = {
			isa = PBXGroup;
			children = (
				1A7F0E442A32FE8F00A6EEB7 /* traits.h */,
				1A7F0E452A32FE8F00A6EEB7 /* eventhandler.h */,
				1A7F0E462A32FE8F00A6EEB7 /* emitter.h */,
				1A7F0E472A32FE8F00A6EEB7 /* anchor.h */,
				1A7F0E482A32FE8F00A6EEB7 /* mark.h */,
				1A7F0E492A32FE8F00A6EEB7 /* emitterdef.h */,
				1A7F0E4A2A32FE8F00A6EEB7 /* parser.h */,
				1A7F0E4B2A32FE8F00A6EEB7 /* null.h */,
				1A7F0E4C2A32FE8F00A6EEB7 /* exceptions.h */,
				1A7F0E4D2A32FE8F00A6EEB7 /* emitterstyle.h */,
				1A7F0E4E2A32FE8F00A6EEB7 /* emittermanip.h */,
				1A7F0E4F2A32FE8F00A6EEB7 /* emitfromevents.h */,
				1A7F0E502A32FE8F00A6EEB7 /* dll.h */,
				1A7F0E512A32FE8F00A6EEB7 /* contrib */,
				1A7F0E542A32FE8F00A6EEB7 /* noncopyable.h */,
				1A7F0E552A32FE8F00A6EEB7 /* yaml.h */,
				1A7F0E562A32FE8F00A6EEB7 /* node */,
				1A7F0E692A32FE8F00A6EEB7 /* ostream_wrapper.h */,
				1A7F0E6A2A32FE8F00A6EEB7 /* stlemitter.h */,
				1A7F0E6B2A32FE8F00A6EEB7 /* binary.h */,
			);
			path = "yaml-cpp";
			sourceTree = "<group>";
		};
		1A7F0E512A32FE8F00A6EEB7 /* contrib */ = {
			isa = PBXGroup;
			children = (
				1A7F0E522A32FE8F00A6EEB7 /* graphbuilder.h */,
				1A7F0E532A32FE8F00A6EEB7 /* anchordict.h */,
			);
			path = contrib;
			sourceTree = "<group>";
		};
		1A7F0E562A32FE8F00A6EEB7 /* node */ = {
			isa = PBXGroup;
			children = (
				1A7F0E572A32FE8F00A6EEB7 /* type.h */,
				1A7F0E582A32FE8F00A6EEB7 /* parse.h */,
				1A7F0E592A32FE8F00A6EEB7 /* node.h */,
				1A7F0E5A2A32FE8F00A6EEB7 /* detail */,
				1A7F0E642A32FE8F00A6EEB7 /* ptr.h */,
				1A7F0E652A32FE8F00A6EEB7 /* convert.h */,
				1A7F0E662A32FE8F00A6EEB7 /* impl.h */,
				1A7F0E672A32FE8F00A6EEB7 /* emit.h */,
				1A7F0E682A32FE8F00A6EEB7 /* iterator.h */,
			);
			path = node;
			sourceTree = "<group>";
		};
		1A7F0E5A2A32FE8F00A6EEB7 /* detail */ = {
			isa = PBXGroup;
			children = (
				1A7F0E5B2A32FE8F00A6EEB7 /* node_data.h */,
				1A7F0E5C2A32FE8F00A6EEB7 /* node_ref.h */,
				1A7F0E5D2A32FE8F00A6EEB7 /* node.h */,
				1A7F0E5E2A32FE8F00A6EEB7 /* bool_type.h */,
				1A7F0E5F2A32FE8F00A6EEB7 /* memory.h */,
				1A7F0E602A32FE8F00A6EEB7 /* node_iterator.h */,
				1A7F0E612A32FE8F00A6EEB7 /* impl.h */,
				1A7F0E622A32FE8F00A6EEB7 /* iterator_fwd.h */,
				1A7F0E632A32FE8F00A6EEB7 /* iterator.h */,
			);
			path = detail;
			sourceTree = "<group>";
		};
		1A7F0E702A32FE8F00A6EEB7 /* src */ = {
			isa = PBXGroup;
			children = (
				1A7F0E862A32FE8F00A6EEB7 /* binary.cpp */,
				1A7F0E9A2A32FE8F00A6EEB7 /* collectionstack.h */,
				1A7F0E892A32FE8F00A6EEB7 /* contrib */,
				1A7F0E7E2A32FE8F00A6EEB7 /* convert.cpp */,
				1A7F0E9B2A32FE8F00A6EEB7 /* directives.cpp */,
				1A7F0EA52A32FE8F00A6EEB7 /* directives.h */,
				1A7F0E8F2A32FE8F00A6EEB7 /* emit.cpp */,
				1A7F0E782A32FE8F00A6EEB7 /* emitfromevents.cpp */,
				1A7F0E7C2A32FE8F00A6EEB7 /* emitter.cpp */,
				1A7F0EA22A32FE8F00A6EEB7 /* emitterstate.cpp */,
				1A7F0E982A32FE8F00A6EEB7 /* emitterstate.h */,
				1A7F0E932A32FE8F00A6EEB7 /* emitterutils.cpp */,
				1A7F0E852A32FE8F00A6EEB7 /* emitterutils.h */,
				1A7F0E722A32FE8F00A6EEB7 /* exceptions.cpp */,
				1A7F0E812A32FE8F00A6EEB7 /* exp.cpp */,
				1A7F0E9E2A32FE8F00A6EEB7 /* exp.h */,
				1A7F0E7B2A32FE8F00A6EEB7 /* indentation.h */,
				1A7F0E732A32FE8F00A6EEB7 /* memory.cpp */,
				1A7F0EA12A32FE8F00A6EEB7 /* node_data.cpp */,
				1A7F0E832A32FE8F00A6EEB7 /* node.cpp */,
				1A7F0E992A32FE8F00A6EEB7 /* nodebuilder.cpp */,
				1A7F0E8D2A32FE8F00A6EEB7 /* nodebuilder.h */,
				1A7F0E882A32FE8F00A6EEB7 /* nodeevents.cpp */,
				1A7F0E7D2A32FE8F00A6EEB7 /* nodeevents.h */,
				1A7F0E822A32FE8F00A6EEB7 /* null.cpp */,
				1A7F0E762A32FE8F00A6EEB7 /* ostream_wrapper.cpp */,
				1A7F0E7A2A32FE8F00A6EEB7 /* parse.cpp */,
				1A7F0EA32A32FE8F00A6EEB7 /* parser.cpp */,
				1A7F0E9C2A32FE8F00A6EEB7 /* ptr_vector.h */,
				1A7F0E7F2A32FE8F00A6EEB7 /* regex_yaml.cpp */,
				1A7F0EA02A32FE8F00A6EEB7 /* regex_yaml.h */,
				1A7F0E752A32FE8F00A6EEB7 /* regeximpl.h */,
				1A7F0E8E2A32FE8F00A6EEB7 /* scanner.cpp */,
				1A7F0E942A32FE8F00A6EEB7 /* scanner.h */,
				1A7F0E802A32FE8F00A6EEB7 /* scanscalar.cpp */,
				1A7F0E712A32FE8F00A6EEB7 /* scanscalar.h */,
				1A7F0E962A32FE8F00A6EEB7 /* scantag.cpp */,
				1A7F0E742A32FE8F00A6EEB7 /* scantag.h */,
				1A7F0E972A32FE8F00A6EEB7 /* scantoken.cpp */,
				1A7F0EA42A32FE8F00A6EEB7 /* setting.h */,
				1A7F0E792A32FE8F00A6EEB7 /* simplekey.cpp */,
				1A7F0E842A32FE8F00A6EEB7 /* singledocparser.cpp */,
				1A7F0E9D2A32FE8F00A6EEB7 /* singledocparser.h */,
				1A7F0E952A32FE8F00A6EEB7 /* stream.cpp */,
				1A7F0E872A32FE8F00A6EEB7 /* stream.h */,
				1A7F0E912A32FE8F00A6EEB7 /* streamcharsource.h */,
				1A7F0E922A32FE8F00A6EEB7 /* stringsource.h */,
				1A7F0E902A32FE8F00A6EEB7 /* tag.cpp */,
				1A7F0E772A32FE8F00A6EEB7 /* tag.h */,
				1A7F0E9F2A32FE8F00A6EEB7 /* token.h */,
			);
			path = src;
			sourceTree = "<group>";
		};
		1A7F0E892A32FE8F00A6EEB7 /* contrib */ = {
			isa = PBXGroup;
			children = (
				1A7F0E8A2A32FE8F00A6EEB7 /* graphbuilderadapter.cpp */,
				1A7F0E8B2A32FE8F00A6EEB7 /* graphbuilder.cpp */,
				1A7F0E8C2A32FE8F00A6EEB7 /* graphbuilderadapter.h */,
			);
			path = contrib;
			sourceTree = "<group>";
		};
		1AA4432D2A7B9E7700CD9E2E /* kaldi-native-fbank */ = {
			isa = PBXGroup;
			children = (
				1AA4432E2A7B9E7700CD9E2E /* kaldi-native-fbank */,
			);
			path = "kaldi-native-fbank";
			sourceTree = "<group>";
		};
		1AA4432E2A7B9E7700CD9E2E /* kaldi-native-fbank */ = {
			isa = PBXGroup;
			children = (
				1AA4432F2A7B9E7700CD9E2E /* csrc */,
			);
			path = "kaldi-native-fbank";
			sourceTree = "<group>";
		};
		1AA4432F2A7B9E7700CD9E2E /* csrc */ = {
			isa = PBXGroup;
			children = (
				1AA443302A7B9E7700CD9E2E /* feature-fbank.cc */,
				1AA443382A7B9E7700CD9E2E /* feature-fbank.h */,
				1AA443412A7B9E7700CD9E2E /* feature-functions.cc */,
				1AA443312A7B9E7700CD9E2E /* feature-functions.h */,
				1AA4433B2A7B9E7700CD9E2E /* feature-window.cc */,
				1AA443422A7B9E7700CD9E2E /* feature-window.h */,
				1AA4433F2A7B9E7700CD9E2E /* fftsg.c */,
				1AA443442A7B9E7700CD9E2E /* log.cc */,
				1AA4433C2A7B9E7700CD9E2E /* log.h */,
				1AA4433D2A7B9E7700CD9E2E /* mel-computations.cc */,
				1AA443432A7B9E7700CD9E2E /* mel-computations.h */,
				1AA443322A7B9E7700CD9E2E /* online-feature.cc */,
				1AA443342A7B9E7700CD9E2E /* online-feature.h */,
				1AA443392A7B9E7700CD9E2E /* rfft.cc */,
				1AA4433E2A7B9E7700CD9E2E /* rfft.h */,
			);
			path = csrc;
			sourceTree = "<group>";
		};
		1F202C29EAE1D21FD07F8024 /* Pods */ = {
			isa = PBXGroup;
			children = (
				B9ED2A36675364C815C03C96 /* Pods-paraformer_online.debug.xcconfig */,
				00FB7DEC958626AACE224936 /* Pods-paraformer_online.release.xcconfig */,
			);
			path = Pods;
			sourceTree = "<group>";
		};
/* End PBXGroup section */

/* Begin PBXNativeTarget section */
		1A7F0C922A2F1F0000A6EEB7 /* paraformer_online */ = {
			isa = PBXNativeTarget;
			buildConfigurationList = 1A7F0CAC2A2F1F0200A6EEB7 /* Build configuration list for PBXNativeTarget "paraformer_online" */;
			buildPhases = (
				03A279E5233947949D415946 /* [CP] Check Pods Manifest.lock */,
				1A7F0C8F2A2F1F0000A6EEB7 /* Sources */,
				1A7F0C902A2F1F0000A6EEB7 /* Frameworks */,
				1A7F0C912A2F1F0000A6EEB7 /* Resources */,
			);
			buildRules = (
			);
			dependencies = (
			);
			name = paraformer_online;
			productName = paraformer_online;
			productReference = 1A7F0C932A2F1F0000A6EEB7 /* paraformer_online.app */;
			productType = "com.apple.product-type.application";
		};
/* End PBXNativeTarget section */

/* Begin PBXProject section */
		1A7F0C8B2A2F1F0000A6EEB7 /* Project object */ = {
			isa = PBXProject;
			attributes = {
				BuildIndependentTargetsInParallel = 1;
				LastUpgradeCheck = 1430;
				TargetAttributes = {
					1A7F0C922A2F1F0000A6EEB7 = {
						CreatedOnToolsVersion = 14.3;
					};
				};
			};
			buildConfigurationList = 1A7F0C8E2A2F1F0000A6EEB7 /* Build configuration list for PBXProject "paraformer_online" */;
			compatibilityVersion = "Xcode 14.0";
			developmentRegion = en;
			hasScannedForEncodings = 0;
			knownRegions = (
				en,
				Base,
			);
			mainGroup = 1A7F0C8A2A2F1F0000A6EEB7;
			productRefGroup = 1A7F0C942A2F1F0000A6EEB7 /* Products */;
			projectDirPath = "";
			projectRoot = "";
			targets = (
				1A7F0C922A2F1F0000A6EEB7 /* paraformer_online */,
			);
		};
/* End PBXProject section */

/* Begin PBXResourcesBuildPhase section */
		1A7F0C912A2F1F0000A6EEB7 /* Resources */ = {
			isa = PBXResourcesBuildPhase;
			buildActionMask = 2147483647;
			files = (
				1A7F0CA62A2F1F0200A6EEB7 /* LaunchScreen.storyboard in Resources */,
				1A7F0DC52A2F3F7A00A6EEB7 /* Readme.md in Resources */,
				1A7F0CA32A2F1F0200A6EEB7 /* Assets.xcassets in Resources */,
				1A7F0DC32A2F312D00A6EEB7 /* model in Resources */,
				1A7F0CA12A2F1F0000A6EEB7 /* Main.storyboard in Resources */,
			);
			runOnlyForDeploymentPostprocessing = 0;
		};
/* End PBXResourcesBuildPhase section */

/* Begin PBXShellScriptBuildPhase section */
		03A279E5233947949D415946 /* [CP] Check Pods Manifest.lock */ = {
			isa = PBXShellScriptBuildPhase;
			buildActionMask = 2147483647;
			files = (
			);
			inputFileListPaths = (
			);
			inputPaths = (
				"${PODS_PODFILE_DIR_PATH}/Podfile.lock",
				"${PODS_ROOT}/Manifest.lock",
			);
			name = "[CP] Check Pods Manifest.lock";
			outputFileListPaths = (
			);
			outputPaths = (
				"$(DERIVED_FILE_DIR)/Pods-paraformer_online-checkManifestLockResult.txt",
			);
			runOnlyForDeploymentPostprocessing = 0;
			shellPath = /bin/sh;
			shellScript = "diff \"${PODS_PODFILE_DIR_PATH}/Podfile.lock\" \"${PODS_ROOT}/Manifest.lock\" > /dev/null\nif [ $? != 0 ] ; then\n    # print error to STDERR\n    echo \"error: The sandbox is not in sync with the Podfile.lock. Run 'pod install' or update your CocoaPods installation.\" >&2\n    exit 1\nfi\n# This output is used by Xcode 'outputs' to avoid re-running this script phase.\necho \"SUCCESS\" > \"${SCRIPT_OUTPUT_FILE_0}\"\n";
			showEnvVarsInLog = 0;
		};
/* End PBXShellScriptBuildPhase section */

/* Begin PBXSourcesBuildPhase section */
		1A7F0C8F2A2F1F0000A6EEB7 /* Sources */ = {
			isa = PBXSourcesBuildPhase;
			buildActionMask = 2147483647;
			files = (
				1A7F0EAF2A32FE8F00A6EEB7 /* simplekey.cpp in Sources */,
				1AA443992A7B9E7700CD9E2E /* funasrruntime.cpp in Sources */,
				1A7F0EC22A32FE8F00A6EEB7 /* scantag.cpp in Sources */,
				1A7F0EB32A32FE8F00A6EEB7 /* regex_yaml.cpp in Sources */,
				1A7F0EB82A32FE8F00A6EEB7 /* singledocparser.cpp in Sources */,
				1A7F0EB02A32FE8F00A6EEB7 /* parse.cpp in Sources */,
				1AA443962A7B9E7700CD9E2E /* ct-transformer.cpp in Sources */,
				1A7F0C9E2A2F1F0000A6EEB7 /* ViewController.mm in Sources */,
				1A7F0EBF2A32FE8F00A6EEB7 /* tag.cpp in Sources */,
				1AA4437F2A7B9E7700CD9E2E /* mel-computations.cc in Sources */,
				1AA443762A7B9E7700CD9E2E /* feature-fbank.cc in Sources */,
				1A7F0EB72A32FE8F00A6EEB7 /* node.cpp in Sources */,
				1A7F0EAC2A32FE8F00A6EEB7 /* memory.cpp in Sources */,
				1AA443932A7B9E7700CD9E2E /* offline-stream.cpp in Sources */,
				1A7F0EC52A32FE8F00A6EEB7 /* directives.cpp in Sources */,
				1A7F0EBC2A32FE8F00A6EEB7 /* graphbuilder.cpp in Sources */,
				1A7F0EC12A32FE8F00A6EEB7 /* stream.cpp in Sources */,
				1AA443822A7B9E7700CD9E2E /* feature-functions.cc in Sources */,
				1AA4438E2A7B9E7700CD9E2E /* fsmn-vad.cpp in Sources */,
				1AA443912A7B9E7700CD9E2E /* audio.cpp in Sources */,
				1A7F0EB52A32FE8F00A6EEB7 /* exp.cpp in Sources */,
				1A7F0E3E2A32FD8300A6EEB7 /* vocab.cpp in Sources */,
				1A7F0EC82A32FE8F00A6EEB7 /* parser.cpp in Sources */,
				1A7F0EC42A32FE8F00A6EEB7 /* nodebuilder.cpp in Sources */,
				1A7F0EB22A32FE8F00A6EEB7 /* convert.cpp in Sources */,
				1AA443922A7B9E7700CD9E2E /* tokenizer.cpp in Sources */,
				1A7F0EAE2A32FE8F00A6EEB7 /* emitfromevents.cpp in Sources */,
				1A7F0EB42A32FE8F00A6EEB7 /* scanscalar.cpp in Sources */,
				1A7F0EC02A32FE8F00A6EEB7 /* emitterutils.cpp in Sources */,
				1A7F0C982A2F1F0000A6EEB7 /* AppDelegate.m in Sources */,
				1AA4439B2A7B9E7700CD9E2E /* punc-model.cpp in Sources */,
				1A7F0DBE2A2F221C00A6EEB7 /* AudioCapture.mm in Sources */,
				1AA443902A7B9E7700CD9E2E /* resample.cpp in Sources */,
				1AA443752A7B9E7700CD9E2E /* paraformer.cpp in Sources */,
				1AA443942A7B9E7700CD9E2E /* alignedmem.cpp in Sources */,
				1A7F0CA92A2F1F0200A6EEB7 /* main.m in Sources */,
				1AA443982A7B9E7700CD9E2E /* util.cpp in Sources */,
				1AA4437C2A7B9E7700CD9E2E /* rfft.cc in Sources */,
				1A7F0EC72A32FE8F00A6EEB7 /* emitterstate.cpp in Sources */,
				1A7F0EBB2A32FE8F00A6EEB7 /* graphbuilderadapter.cpp in Sources */,
				1AA4438C2A7B9E7700CD9E2E /* ct-transformer-online.cpp in Sources */,
				1A7F0C9B2A2F1F0000A6EEB7 /* SceneDelegate.m in Sources */,
				1A7F0EBA2A32FE8F00A6EEB7 /* nodeevents.cpp in Sources */,
				1A7F0EB12A32FE8F00A6EEB7 /* emitter.cpp in Sources */,
				1AA4439A2A7B9E7700CD9E2E /* paraformer-online.cpp in Sources */,
				1A7F0EC32A32FE8F00A6EEB7 /* scantoken.cpp in Sources */,
				1AA443802A7B9E7700CD9E2E /* fftsg.c in Sources */,
				1A7F0EBD2A32FE8F00A6EEB7 /* scanner.cpp in Sources */,
				1AA443972A7B9E7700CD9E2E /* model.cpp in Sources */,
				1AA443952A7B9E7700CD9E2E /* fsmn-vad-online.cpp in Sources */,
				1A7F0EAD2A32FE8F00A6EEB7 /* ostream_wrapper.cpp in Sources */,
				1A7F0EBE2A32FE8F00A6EEB7 /* emit.cpp in Sources */,
				1AA4437E2A7B9E7700CD9E2E /* feature-window.cc in Sources */,
				1AA4439C2A7B9E7700CD9E2E /* vad-model.cpp in Sources */,
				1A7F0EAB2A32FE8F00A6EEB7 /* exceptions.cpp in Sources */,
				1AA443832A7B9E7700CD9E2E /* log.cc in Sources */,
				1A7F0EC62A32FE8F00A6EEB7 /* node_data.cpp in Sources */,
				1A7F0EB62A32FE8F00A6EEB7 /* null.cpp in Sources */,
				1AA443772A7B9E7700CD9E2E /* online-feature.cc in Sources */,
				1A7F0DBF2A2F221C00A6EEB7 /* AudioRecorder.m in Sources */,
				1A7F0EB92A32FE8F00A6EEB7 /* binary.cpp in Sources */,
			);
			runOnlyForDeploymentPostprocessing = 0;
		};
/* End PBXSourcesBuildPhase section */

/* Begin PBXVariantGroup section */
		1A7F0C9F2A2F1F0000A6EEB7 /* Main.storyboard */ = {
			isa = PBXVariantGroup;
			children = (
				1A7F0CA02A2F1F0000A6EEB7 /* Base */,
			);
			name = Main.storyboard;
			sourceTree = "<group>";
		};
		1A7F0CA42A2F1F0200A6EEB7 /* LaunchScreen.storyboard */ = {
			isa = PBXVariantGroup;
			children = (
				1A7F0CA52A2F1F0200A6EEB7 /* Base */,
			);
			name = LaunchScreen.storyboard;
			sourceTree = "<group>";
		};
/* End PBXVariantGroup section */

/* Begin XCBuildConfiguration section */
		1A7F0CAA2A2F1F0200A6EEB7 /* Debug */ = {
			isa = XCBuildConfiguration;
			buildSettings = {
				ALWAYS_SEARCH_USER_PATHS = NO;
				CLANG_ANALYZER_NONNULL = YES;
				CLANG_ANALYZER_NUMBER_OBJECT_CONVERSION = YES_AGGRESSIVE;
				CLANG_CXX_LANGUAGE_STANDARD = "gnu++20";
				CLANG_ENABLE_MODULES = YES;
				CLANG_ENABLE_OBJC_ARC = YES;
				CLANG_ENABLE_OBJC_WEAK = YES;
				CLANG_WARN_BLOCK_CAPTURE_AUTORELEASING = YES;
				CLANG_WARN_BOOL_CONVERSION = YES;
				CLANG_WARN_COMMA = YES;
				CLANG_WARN_CONSTANT_CONVERSION = YES;
				CLANG_WARN_DEPRECATED_OBJC_IMPLEMENTATIONS = YES;
				CLANG_WARN_DIRECT_OBJC_ISA_USAGE = YES_ERROR;
				CLANG_WARN_DOCUMENTATION_COMMENTS = YES;
				CLANG_WARN_EMPTY_BODY = YES;
				CLANG_WARN_ENUM_CONVERSION = YES;
				CLANG_WARN_INFINITE_RECURSION = YES;
				CLANG_WARN_INT_CONVERSION = YES;
				CLANG_WARN_NON_LITERAL_NULL_CONVERSION = YES;
				CLANG_WARN_OBJC_IMPLICIT_RETAIN_SELF = YES;
				CLANG_WARN_OBJC_LITERAL_CONVERSION = YES;
				CLANG_WARN_OBJC_ROOT_CLASS = YES_ERROR;
				CLANG_WARN_QUOTED_INCLUDE_IN_FRAMEWORK_HEADER = YES;
				CLANG_WARN_RANGE_LOOP_ANALYSIS = YES;
				CLANG_WARN_STRICT_PROTOTYPES = YES;
				CLANG_WARN_SUSPICIOUS_MOVE = YES;
				CLANG_WARN_UNGUARDED_AVAILABILITY = YES_AGGRESSIVE;
				CLANG_WARN_UNREACHABLE_CODE = YES;
				CLANG_WARN__DUPLICATE_METHOD_MATCH = YES;
				COPY_PHASE_STRIP = NO;
				DEBUG_INFORMATION_FORMAT = dwarf;
				ENABLE_STRICT_OBJC_MSGSEND = YES;
				ENABLE_TESTABILITY = YES;
				GCC_C_LANGUAGE_STANDARD = gnu11;
				GCC_DYNAMIC_NO_PIC = NO;
				GCC_NO_COMMON_BLOCKS = YES;
				GCC_OPTIMIZATION_LEVEL = 0;
				GCC_PREPROCESSOR_DEFINITIONS = (
					"DEBUG=1",
					"$(inherited)",
				);
				GCC_WARN_64_TO_32_BIT_CONVERSION = YES;
				GCC_WARN_ABOUT_RETURN_TYPE = YES_ERROR;
				GCC_WARN_UNDECLARED_SELECTOR = YES;
				GCC_WARN_UNINITIALIZED_AUTOS = YES_AGGRESSIVE;
				GCC_WARN_UNUSED_FUNCTION = YES;
				GCC_WARN_UNUSED_VARIABLE = YES;
				IPHONEOS_DEPLOYMENT_TARGET = 16.4;
				MTL_ENABLE_DEBUG_INFO = INCLUDE_SOURCE;
				MTL_FAST_MATH = YES;
				ONLY_ACTIVE_ARCH = YES;
				SDKROOT = iphoneos;
			};
			name = Debug;
		};
		1A7F0CAB2A2F1F0200A6EEB7 /* Release */ = {
			isa = XCBuildConfiguration;
			buildSettings = {
				ALWAYS_SEARCH_USER_PATHS = NO;
				CLANG_ANALYZER_NONNULL = YES;
				CLANG_ANALYZER_NUMBER_OBJECT_CONVERSION = YES_AGGRESSIVE;
				CLANG_CXX_LANGUAGE_STANDARD = "gnu++20";
				CLANG_ENABLE_MODULES = YES;
				CLANG_ENABLE_OBJC_ARC = YES;
				CLANG_ENABLE_OBJC_WEAK = YES;
				CLANG_WARN_BLOCK_CAPTURE_AUTORELEASING = YES;
				CLANG_WARN_BOOL_CONVERSION = YES;
				CLANG_WARN_COMMA = YES;
				CLANG_WARN_CONSTANT_CONVERSION = YES;
				CLANG_WARN_DEPRECATED_OBJC_IMPLEMENTATIONS = YES;
				CLANG_WARN_DIRECT_OBJC_ISA_USAGE = YES_ERROR;
				CLANG_WARN_DOCUMENTATION_COMMENTS = YES;
				CLANG_WARN_EMPTY_BODY = YES;
				CLANG_WARN_ENUM_CONVERSION = YES;
				CLANG_WARN_INFINITE_RECURSION = YES;
				CLANG_WARN_INT_CONVERSION = YES;
				CLANG_WARN_NON_LITERAL_NULL_CONVERSION = YES;
				CLANG_WARN_OBJC_IMPLICIT_RETAIN_SELF = YES;
				CLANG_WARN_OBJC_LITERAL_CONVERSION = YES;
				CLANG_WARN_OBJC_ROOT_CLASS = YES_ERROR;
				CLANG_WARN_QUOTED_INCLUDE_IN_FRAMEWORK_HEADER = YES;
				CLANG_WARN_RANGE_LOOP_ANALYSIS = YES;
				CLANG_WARN_STRICT_PROTOTYPES = YES;
				CLANG_WARN_SUSPICIOUS_MOVE = YES;
				CLANG_WARN_UNGUARDED_AVAILABILITY = YES_AGGRESSIVE;
				CLANG_WARN_UNREACHABLE_CODE = YES;
				CLANG_WARN__DUPLICATE_METHOD_MATCH = YES;
				COPY_PHASE_STRIP = NO;
				DEBUG_INFORMATION_FORMAT = "dwarf-with-dsym";
				ENABLE_NS_ASSERTIONS = NO;
				ENABLE_STRICT_OBJC_MSGSEND = YES;
				GCC_C_LANGUAGE_STANDARD = gnu11;
				GCC_NO_COMMON_BLOCKS = YES;
				GCC_WARN_64_TO_32_BIT_CONVERSION = YES;
				GCC_WARN_ABOUT_RETURN_TYPE = YES_ERROR;
				GCC_WARN_UNDECLARED_SELECTOR = YES;
				GCC_WARN_UNINITIALIZED_AUTOS = YES_AGGRESSIVE;
				GCC_WARN_UNUSED_FUNCTION = YES;
				GCC_WARN_UNUSED_VARIABLE = YES;
				IPHONEOS_DEPLOYMENT_TARGET = 16.4;
				MTL_ENABLE_DEBUG_INFO = NO;
				MTL_FAST_MATH = YES;
				SDKROOT = iphoneos;
				VALIDATE_PRODUCT = YES;
			};
			name = Release;
		};
		1A7F0CAD2A2F1F0200A6EEB7 /* Debug */ = {
			isa = XCBuildConfiguration;
			baseConfigurationReference = B9ED2A36675364C815C03C96 /* Pods-paraformer_online.debug.xcconfig */;
			buildSettings = {
				ASSETCATALOG_COMPILER_APPICON_NAME = AppIcon;
				ASSETCATALOG_COMPILER_GLOBAL_ACCENT_COLOR_NAME = AccentColor;
				CODE_SIGN_STYLE = Automatic;
				CURRENT_PROJECT_VERSION = 1;
				DEVELOPMENT_TEAM = V3PF42V7JX;
				GCC_PREPROCESSOR_DEFINITIONS = HAVE_CLAPACK;
				GENERATE_INFOPLIST_FILE = YES;
				HEADER_SEARCH_PATHS = (
					"$(PROJECT_DIR)/paraformer_online/src/third_party/yaml-cpp/include",
					"$(PROJECT_DIR)/paraformer_online/src/third_party/kaldi-native-fbank",
					"$(PROJECT_DIR)/paraformer_online/src/lib/paraformer_online",
				);
				INFOPLIST_FILE = paraformer_online/Info.plist;
				INFOPLIST_KEY_NSMicrophoneUsageDescription = "我要使用麦克风";
				INFOPLIST_KEY_UIApplicationSupportsIndirectInputEvents = YES;
				INFOPLIST_KEY_UILaunchStoryboardName = LaunchScreen;
				INFOPLIST_KEY_UIMainStoryboardFile = Main;
				INFOPLIST_KEY_UISupportedInterfaceOrientations_iPad = "UIInterfaceOrientationPortrait UIInterfaceOrientationPortraitUpsideDown UIInterfaceOrientationLandscapeLeft UIInterfaceOrientationLandscapeRight";
				INFOPLIST_KEY_UISupportedInterfaceOrientations_iPhone = "UIInterfaceOrientationPortrait UIInterfaceOrientationLandscapeLeft UIInterfaceOrientationLandscapeRight";
				IPHONEOS_DEPLOYMENT_TARGET = 14.0;
				LD_RUNPATH_SEARCH_PATHS = (
					"$(inherited)",
					"@executable_path/Frameworks",
				);
				MARKETING_VERSION = 1.0;
				PRODUCT_BUNDLE_IDENTIFIER = "com.jeff.paraformer-online";
				PRODUCT_NAME = "$(TARGET_NAME)";
				SWIFT_EMIT_LOC_STRINGS = YES;
				TARGETED_DEVICE_FAMILY = "1,2";
			};
			name = Debug;
		};
		1A7F0CAE2A2F1F0200A6EEB7 /* Release */ = {
			isa = XCBuildConfiguration;
			baseConfigurationReference = 00FB7DEC958626AACE224936 /* Pods-paraformer_online.release.xcconfig */;
			buildSettings = {
				ASSETCATALOG_COMPILER_APPICON_NAME = AppIcon;
				ASSETCATALOG_COMPILER_GLOBAL_ACCENT_COLOR_NAME = AccentColor;
				CODE_SIGN_STYLE = Automatic;
				CURRENT_PROJECT_VERSION = 1;
				DEVELOPMENT_TEAM = 834ZC97578;
				GCC_PREPROCESSOR_DEFINITIONS = HAVE_CLAPACK;
				GENERATE_INFOPLIST_FILE = YES;
				HEADER_SEARCH_PATHS = (
					"$(PROJECT_DIR)/paraformer_online/src/third_party/yaml-cpp/include",
					"$(PROJECT_DIR)/paraformer_online/src/third_party/kaldi-native-fbank",
					"$(PROJECT_DIR)/paraformer_online/src/lib/paraformer_online",
				);
				INFOPLIST_FILE = paraformer_online/Info.plist;
				INFOPLIST_KEY_NSMicrophoneUsageDescription = "我要使用麦克风";
				INFOPLIST_KEY_UIApplicationSupportsIndirectInputEvents = YES;
				INFOPLIST_KEY_UILaunchStoryboardName = LaunchScreen;
				INFOPLIST_KEY_UIMainStoryboardFile = Main;
				INFOPLIST_KEY_UISupportedInterfaceOrientations_iPad = "UIInterfaceOrientationPortrait UIInterfaceOrientationPortraitUpsideDown UIInterfaceOrientationLandscapeLeft UIInterfaceOrientationLandscapeRight";
				INFOPLIST_KEY_UISupportedInterfaceOrientations_iPhone = "UIInterfaceOrientationPortrait UIInterfaceOrientationLandscapeLeft UIInterfaceOrientationLandscapeRight";
				IPHONEOS_DEPLOYMENT_TARGET = 14.0;
				LD_RUNPATH_SEARCH_PATHS = (
					"$(inherited)",
					"@executable_path/Frameworks",
				);
				MARKETING_VERSION = 1.0;
				PRODUCT_BUNDLE_IDENTIFIER = "com.qiuwei.paraformer-online";
				PRODUCT_NAME = "$(TARGET_NAME)";
				SWIFT_EMIT_LOC_STRINGS = YES;
				TARGETED_DEVICE_FAMILY = "1,2";
			};
			name = Release;
		};
/* End XCBuildConfiguration section */

/* Begin XCConfigurationList section */
		1A7F0C8E2A2F1F0000A6EEB7 /* Build configuration list for PBXProject "paraformer_online" */ = {
			isa = XCConfigurationList;
			buildConfigurations = (
				1A7F0CAA2A2F1F0200A6EEB7 /* Debug */,
				1A7F0CAB2A2F1F0200A6EEB7 /* Release */,
			);
			defaultConfigurationIsVisible = 0;
			defaultConfigurationName = Release;
		};
		1A7F0CAC2A2F1F0200A6EEB7 /* Build configuration list for PBXNativeTarget "paraformer_online" */ = {
			isa = XCConfigurationList;
			buildConfigurations = (
				1A7F0CAD2A2F1F0200A6EEB7 /* Debug */,
				1A7F0CAE2A2F1F0200A6EEB7 /* Release */,
			);
			defaultConfigurationIsVisible = 0;
			defaultConfigurationName = Release;
		};
/* End XCConfigurationList section */
	};
	rootObject = 1A7F0C8B2A2F1F0000A6EEB7 /* Project object */;
}
